{
  "version": 4,
  "terraform_version": "1.10.5",
  "serial": 58,
  "lineage": "271d9d5f-7c8d-5c06-0c53-bfff37c3a44b",
  "outputs": {
    "test_vm_public_ip": {
      "value": "13.81.109.23",
      "type": "string"
    },
    "workspace_id": {
      "value": "4185180613907581",
      "type": "string"
    },
    "workspace_url": {
      "value": "https://adb-4185180613907581.1.azuredatabricks.net/",
      "type": "string"
    }
  },
  "resources": [
    {
      "module": "module.adb-with-private-link-standard",
      "mode": "data",
      "type": "azurerm_client_config",
      "name": "current",
      "provider": "provider[\"registry.terraform.io/hashicorp/azurerm\"]",
      "instances": [
        {
          "schema_version": 0,
          "attributes": {
            "client_id": "04b07795-8ddb-461a-bbee-02f9e1bf7b46",
            "id": "Y2xpZW50Q29uZmlncy9jbGllbnRJZD0wNGIwNzc5NS04ZGRiLTQ2MWEtYmJlZS0wMmY5ZTFiZjdiNDY7b2JqZWN0SWQ9NjJkZjViMGMtNDZjYi00MTAwLTk1NDEtMzM5NDA0OGY0NzcwO3N1YnNjcmlwdGlvbklkPWNkM2I2MjFkLTE2MzUtNDcxMC1hYTg5LThiNWI2NTRiNWQyOTt0ZW5hbnRJZD0zNWM3YjI0OC0xY2YyLTQ2YWEtOGUzNS1mNjhkNTc5ZDE3ZWM=",
            "object_id": "62df5b0c-46cb-4100-9541-3394048f4770",
            "subscription_id": "cd3b621d-1635-4710-aa89-8b5b654b5d29",
            "tenant_id": "35c7b248-1cf2-46aa-8e35-f68d579d17ec",
            "timeouts": null
          },
          "sensitive_attributes": []
        }
      ]
    },
    {
      "module": "module.adb-with-private-link-standard",
      "mode": "data",
      "type": "external",
      "name": "me",
      "provider": "provider[\"registry.terraform.io/hashicorp/external\"]",
      "instances": [
        {
          "schema_version": 0,
          "attributes": {
            "id": "-",
            "program": [
              "az",
              "account",
              "show",
              "--query",
              "user"
            ],
            "query": null,
            "result": {
              "name": "sagar.shinde@cloudethix.com",
              "type": "user"
            },
            "working_dir": null
          },
          "sensitive_attributes": []
        }
      ]
    },
    {
      "module": "module.adb-with-private-link-standard",
      "mode": "data",
      "type": "http",
      "name": "my_public_ip",
      "provider": "provider[\"registry.terraform.io/hashicorp/http\"]",
      "instances": [
        {
          "schema_version": 0,
          "attributes": {
            "body": "{\n  \"ip\": \"106.51.36.23\",\n  \"hostname\": \"106.51.36.23.actcorp.in\",\n  \"city\": \"Bengaluru\",\n  \"region\": \"Karnataka\",\n  \"country\": \"IN\",\n  \"loc\": \"12.9719,77.5937\",\n  \"org\": \"AS24309 Atria Convergence Technologies Pvt. Ltd. Broadband Internet Service Provider INDIA\",\n  \"postal\": \"562114\",\n  \"timezone\": \"Asia/Kolkata\",\n  \"readme\": \"https://ipinfo.io/missingauth\"\n}",
            "ca_cert_pem": null,
            "id": "https://ipinfo.io",
            "insecure": null,
            "method": null,
            "request_body": null,
            "request_headers": null,
            "request_timeout_ms": null,
            "response_body": "{\n  \"ip\": \"106.51.36.23\",\n  \"hostname\": \"106.51.36.23.actcorp.in\",\n  \"city\": \"Bengaluru\",\n  \"region\": \"Karnataka\",\n  \"country\": \"IN\",\n  \"loc\": \"12.9719,77.5937\",\n  \"org\": \"AS24309 Atria Convergence Technologies Pvt. Ltd. Broadband Internet Service Provider INDIA\",\n  \"postal\": \"562114\",\n  \"timezone\": \"Asia/Kolkata\",\n  \"readme\": \"https://ipinfo.io/missingauth\"\n}",
            "response_body_base64": "ewogICJpcCI6ICIxMDYuNTEuMzYuMjMiLAogICJob3N0bmFtZSI6ICIxMDYuNTEuMzYuMjMuYWN0Y29ycC5pbiIsCiAgImNpdHkiOiAiQmVuZ2FsdXJ1IiwKICAicmVnaW9uIjogIkthcm5hdGFrYSIsCiAgImNvdW50cnkiOiAiSU4iLAogICJsb2MiOiAiMTIuOTcxOSw3Ny41OTM3IiwKICAib3JnIjogIkFTMjQzMDkgQXRyaWEgQ29udmVyZ2VuY2UgVGVjaG5vbG9naWVzIFB2dC4gTHRkLiBCcm9hZGJhbmQgSW50ZXJuZXQgU2VydmljZSBQcm92aWRlciBJTkRJQSIsCiAgInBvc3RhbCI6ICI1NjIxMTQiLAogICJ0aW1lem9uZSI6ICJBc2lhL0tvbGthdGEiLAogICJyZWFkbWUiOiAiaHR0cHM6Ly9pcGluZm8uaW8vbWlzc2luZ2F1dGgiCn0=",
            "response_headers": {
              "Access-Control-Allow-Origin": "*",
              "Alt-Svc": "h3=\":443\"; ma=2592000,h3-29=\":443\"; ma=2592000",
              "Content-Type": "application/json; charset=utf-8",
              "Date": "Wed, 12 Feb 2025 16:55:32 GMT",
              "Referrer-Policy": "strict-origin-when-cross-origin",
              "Strict-Transport-Security": "max-age=2592000; includeSubDomains",
              "Vary": "Accept-Encoding",
              "Via": "1.1 google",
              "X-Content-Type-Options": "nosniff",
              "X-Frame-Options": "SAMEORIGIN",
              "X-Xss-Protection": "1; mode=block"
            },
            "retry": null,
            "status_code": 200,
            "url": "https://ipinfo.io"
          },
          "sensitive_attributes": []
        }
      ]
    },
    {
      "module": "module.adb-with-private-link-standard",
      "mode": "managed",
      "type": "azurerm_databricks_workspace",
      "name": "cust1_dp_workspace",
      "provider": "provider[\"registry.terraform.io/hashicorp/azurerm\"]",
      "instances": [
        {
          "schema_version": 0,
          "attributes": {
            "access_connector_id": null,
            "custom_parameters": [
              {
                "machine_learning_workspace_id": "",
                "nat_gateway_name": "",
                "no_public_ip": true,
                "private_subnet_name": "cust1-tfdemo-ce-dp-private",
                "private_subnet_network_security_group_association_id": "/subscriptions/cd3b621d-1635-4710-aa89-8b5b654b5d29/resourceGroups/adb-dp-tfdemo-ce-rg/providers/Microsoft.Network/virtualNetworks/tfdemo-ce-dp-vnet/subnets/tfdemo-ce-dp-private",
                "public_ip_name": "nat-gw-public-ip",
                "public_subnet_name": "cust1-tfdemo-ce-dp-public",
                "public_subnet_network_security_group_association_id": "/subscriptions/cd3b621d-1635-4710-aa89-8b5b654b5d29/resourceGroups/adb-dp-tfdemo-ce-rg/providers/Microsoft.Network/virtualNetworks/tfdemo-ce-dp-vnet/subnets/tfdemo-ce-dp-public",
                "storage_account_name": "cust1dfbsce",
                "storage_account_sku_name": "Standard_GRS",
                "virtual_network_id": "/subscriptions/cd3b621d-1635-4710-aa89-8b5b654b5d29/resourceGroups/adb-dp-tfdemo-ce-rg/providers/Microsoft.Network/virtualNetworks/tfdemo-ce-dp-vnet",
                "vnet_address_prefix": "10.139"
              }
            ],
            "customer_managed_key_enabled": true,
            "default_storage_firewall_enabled": null,
            "disk_encryption_set_id": "",
            "enhanced_security_compliance": [],
            "id": "/subscriptions/cd3b621d-1635-4710-aa89-8b5b654b5d29/resourceGroups/cust1-adb-dp-tfdemo-ce-rg/providers/Microsoft.Databricks/workspaces/cust1-tfdemo-ce-dp-workspace",
            "infrastructure_encryption_enabled": false,
            "load_balancer_backend_address_pool_id": "",
            "location": "westeurope",
            "managed_disk_cmk_key_vault_id": "",
            "managed_disk_cmk_key_vault_key_id": "",
            "managed_disk_cmk_rotation_to_latest_version_enabled": false,
            "managed_disk_identity": [],
            "managed_resource_group_id": "/subscriptions/cd3b621d-1635-4710-aa89-8b5b654b5d29/resourceGroups/databricks-rg-cust1-adb-dp-tfdemo-ce-rg",
            "managed_resource_group_name": "databricks-rg-cust1-adb-dp-tfdemo-ce-rg",
            "managed_services_cmk_key_vault_id": "",
            "managed_services_cmk_key_vault_key_id": "",
            "name": "cust1-tfdemo-ce-dp-workspace",
            "network_security_group_rules_required": "NoAzureDatabricksRules",
            "public_network_access_enabled": false,
            "resource_group_name": "cust1-adb-dp-tfdemo-ce-rg",
            "sku": "premium",
            "storage_account_identity": [
              {
                "principal_id": "065e2968-a44e-4903-8e57-c1b707896eb8",
                "tenant_id": "35c7b248-1cf2-46aa-8e35-f68d579d17ec",
                "type": "SystemAssigned"
              }
            ],
            "tags": {
              "Environment": "Testing",
              "Epoch": "1qmke8",
              "Owner": "sagar.shinde@cloudethix.com"
            },
            "timeouts": null,
            "workspace_id": "751561323547250",
            "workspace_url": "adb-751561323547250.10.azuredatabricks.net"
          },
          "sensitive_attributes": [],
          "private": "eyJlMmJmYjczMC1lY2FhLTExZTYtOGY4OC0zNDM2M2JjN2M0YzAiOnsiY3JlYXRlIjoxODAwMDAwMDAwMDAwLCJkZWxldGUiOjE4MDAwMDAwMDAwMDAsInJlYWQiOjMwMDAwMDAwMDAwMCwidXBkYXRlIjoxODAwMDAwMDAwMDAwfX0=",
          "dependencies": [
            "module.adb-with-private-link-standard.azurerm_network_security_group.dp_sg",
            "module.adb-with-private-link-standard.azurerm_resource_group.cust1_dp_rg",
            "module.adb-with-private-link-standard.azurerm_resource_group.dp_rg",
            "module.adb-with-private-link-standard.azurerm_subnet.cust1_dp_private",
            "module.adb-with-private-link-standard.azurerm_subnet.cust1_dp_public",
            "module.adb-with-private-link-standard.azurerm_subnet.dp_private",
            "module.adb-with-private-link-standard.azurerm_subnet.dp_public",
            "module.adb-with-private-link-standard.azurerm_subnet_network_security_group_association.dp_private",
            "module.adb-with-private-link-standard.azurerm_subnet_network_security_group_association.dp_public",
            "module.adb-with-private-link-standard.azurerm_virtual_network.dp_vnet",
            "module.adb-with-private-link-standard.data.external.me",
            "module.adb-with-private-link-standard.random_string.naming"
          ]
        }
      ]
    },
    {
      "module": "module.adb-with-private-link-standard",
      "mode": "managed",
      "type": "azurerm_databricks_workspace",
      "name": "dp_workspace",
      "provider": "provider[\"registry.terraform.io/hashicorp/azurerm\"]",
      "instances": [
        {
          "schema_version": 0,
          "attributes": {
            "access_connector_id": null,
            "custom_parameters": [
              {
                "machine_learning_workspace_id": "",
                "nat_gateway_name": "",
                "no_public_ip": true,
                "private_subnet_name": "tfdemo-ce-dp-private",
                "private_subnet_network_security_group_association_id": "/subscriptions/cd3b621d-1635-4710-aa89-8b5b654b5d29/resourceGroups/adb-dp-tfdemo-ce-rg/providers/Microsoft.Network/virtualNetworks/tfdemo-ce-dp-vnet/subnets/tfdemo-ce-dp-private",
                "public_ip_name": "nat-gw-public-ip",
                "public_subnet_name": "tfdemo-ce-dp-public",
                "public_subnet_network_security_group_association_id": "/subscriptions/cd3b621d-1635-4710-aa89-8b5b654b5d29/resourceGroups/adb-dp-tfdemo-ce-rg/providers/Microsoft.Network/virtualNetworks/tfdemo-ce-dp-vnet/subnets/tfdemo-ce-dp-public",
                "storage_account_name": "dbfsce",
                "storage_account_sku_name": "Standard_GRS",
                "virtual_network_id": "/subscriptions/cd3b621d-1635-4710-aa89-8b5b654b5d29/resourceGroups/adb-dp-tfdemo-ce-rg/providers/Microsoft.Network/virtualNetworks/tfdemo-ce-dp-vnet",
                "vnet_address_prefix": "10.139"
              }
            ],
            "customer_managed_key_enabled": true,
            "default_storage_firewall_enabled": null,
            "disk_encryption_set_id": "",
            "enhanced_security_compliance": [],
            "id": "/subscriptions/cd3b621d-1635-4710-aa89-8b5b654b5d29/resourceGroups/adb-dp-tfdemo-ce-rg/providers/Microsoft.Databricks/workspaces/tfdemo-ce-dp-workspace",
            "infrastructure_encryption_enabled": false,
            "load_balancer_backend_address_pool_id": "",
            "location": "westeurope",
            "managed_disk_cmk_key_vault_id": "",
            "managed_disk_cmk_key_vault_key_id": "",
            "managed_disk_cmk_rotation_to_latest_version_enabled": false,
            "managed_disk_identity": [],
            "managed_resource_group_id": "/subscriptions/cd3b621d-1635-4710-aa89-8b5b654b5d29/resourceGroups/databricks-rg-adb-dp-tfdemo-ce-rg",
            "managed_resource_group_name": "databricks-rg-adb-dp-tfdemo-ce-rg",
            "managed_services_cmk_key_vault_id": "",
            "managed_services_cmk_key_vault_key_id": "",
            "name": "tfdemo-ce-dp-workspace",
            "network_security_group_rules_required": "NoAzureDatabricksRules",
            "public_network_access_enabled": false,
            "resource_group_name": "adb-dp-tfdemo-ce-rg",
            "sku": "premium",
            "storage_account_identity": [
              {
                "principal_id": "afbcd663-62c6-4654-bcfc-6062e5b7350e",
                "tenant_id": "35c7b248-1cf2-46aa-8e35-f68d579d17ec",
                "type": "SystemAssigned"
              }
            ],
            "tags": {
              "Environment": "Testing",
              "Epoch": "1qmke8",
              "Owner": "sagar.shinde@cloudethix.com"
            },
            "timeouts": null,
            "workspace_id": "4185180613907581",
            "workspace_url": "adb-4185180613907581.1.azuredatabricks.net"
          },
          "sensitive_attributes": [],
          "private": "eyJlMmJmYjczMC1lY2FhLTExZTYtOGY4OC0zNDM2M2JjN2M0YzAiOnsiY3JlYXRlIjoxODAwMDAwMDAwMDAwLCJkZWxldGUiOjE4MDAwMDAwMDAwMDAsInJlYWQiOjMwMDAwMDAwMDAwMCwidXBkYXRlIjoxODAwMDAwMDAwMDAwfX0=",
          "dependencies": [
            "module.adb-with-private-link-standard.azurerm_network_security_group.dp_sg",
            "module.adb-with-private-link-standard.azurerm_resource_group.dp_rg",
            "module.adb-with-private-link-standard.azurerm_subnet.dp_private",
            "module.adb-with-private-link-standard.azurerm_subnet.dp_public",
            "module.adb-with-private-link-standard.azurerm_subnet_network_security_group_association.dp_private",
            "module.adb-with-private-link-standard.azurerm_subnet_network_security_group_association.dp_public",
            "module.adb-with-private-link-standard.azurerm_virtual_network.dp_vnet",
            "module.adb-with-private-link-standard.data.external.me",
            "module.adb-with-private-link-standard.random_string.naming"
          ]
        }
      ]
    },
    {
      "module": "module.adb-with-private-link-standard",
      "mode": "managed",
      "type": "azurerm_databricks_workspace",
      "name": "transit_workspace",
      "provider": "provider[\"registry.terraform.io/hashicorp/azurerm\"]",
      "instances": [
        {
          "schema_version": 0,
          "attributes": {
            "access_connector_id": null,
            "custom_parameters": [
              {
                "machine_learning_workspace_id": "",
                "nat_gateway_name": "",
                "no_public_ip": true,
                "private_subnet_name": "tfdemo-ce-transit-private",
                "private_subnet_network_security_group_association_id": "/subscriptions/cd3b621d-1635-4710-aa89-8b5b654b5d29/resourceGroups/adb-transit-tfdemo-ce-rg/providers/Microsoft.Network/virtualNetworks/tfdemo-ce-transit-vnet/subnets/tfdemo-ce-transit-private",
                "public_ip_name": "nat-gw-public-ip",
                "public_subnet_name": "tfdemo-ce-transit-public",
                "public_subnet_network_security_group_association_id": "/subscriptions/cd3b621d-1635-4710-aa89-8b5b654b5d29/resourceGroups/adb-transit-tfdemo-ce-rg/providers/Microsoft.Network/virtualNetworks/tfdemo-ce-transit-vnet/subnets/tfdemo-ce-transit-public",
                "storage_account_name": "dbfsceauth",
                "storage_account_sku_name": "Standard_GRS",
                "virtual_network_id": "/subscriptions/cd3b621d-1635-4710-aa89-8b5b654b5d29/resourceGroups/adb-transit-tfdemo-ce-rg/providers/Microsoft.Network/virtualNetworks/tfdemo-ce-transit-vnet",
                "vnet_address_prefix": "10.139"
              }
            ],
            "customer_managed_key_enabled": true,
            "default_storage_firewall_enabled": null,
            "disk_encryption_set_id": "",
            "enhanced_security_compliance": [],
            "id": "/subscriptions/cd3b621d-1635-4710-aa89-8b5b654b5d29/resourceGroups/adb-transit-tfdemo-ce-rg/providers/Microsoft.Databricks/workspaces/tfdemo-ce-transit-workspace",
            "infrastructure_encryption_enabled": false,
            "load_balancer_backend_address_pool_id": "",
            "location": "westeurope",
            "managed_disk_cmk_key_vault_id": "",
            "managed_disk_cmk_key_vault_key_id": "",
            "managed_disk_cmk_rotation_to_latest_version_enabled": false,
            "managed_disk_identity": [],
            "managed_resource_group_id": "/subscriptions/cd3b621d-1635-4710-aa89-8b5b654b5d29/resourceGroups/databricks-rg-adb-transit-tfdemo-ce-rg",
            "managed_resource_group_name": "databricks-rg-adb-transit-tfdemo-ce-rg",
            "managed_services_cmk_key_vault_id": "",
            "managed_services_cmk_key_vault_key_id": "",
            "name": "tfdemo-ce-transit-workspace",
            "network_security_group_rules_required": "NoAzureDatabricksRules",
            "public_network_access_enabled": false,
            "resource_group_name": "adb-transit-tfdemo-ce-rg",
            "sku": "premium",
            "storage_account_identity": [
              {
                "principal_id": "2b2e5214-61d5-4a8c-b016-f2bd90da3593",
                "tenant_id": "35c7b248-1cf2-46aa-8e35-f68d579d17ec",
                "type": "SystemAssigned"
              }
            ],
            "tags": {
              "Environment": "Testing",
              "Epoch": "1qmke8",
              "Owner": "sagar.shinde@cloudethix.com"
            },
            "timeouts": null,
            "workspace_id": "2113970922339324",
            "workspace_url": "adb-2113970922339324.4.azuredatabricks.net"
          },
          "sensitive_attributes": [],
          "private": "eyJlMmJmYjczMC1lY2FhLTExZTYtOGY4OC0zNDM2M2JjN2M0YzAiOnsiY3JlYXRlIjoxODAwMDAwMDAwMDAwLCJkZWxldGUiOjE4MDAwMDAwMDAwMDAsInJlYWQiOjMwMDAwMDAwMDAwMCwidXBkYXRlIjoxODAwMDAwMDAwMDAwfX0=",
          "dependencies": [
            "module.adb-with-private-link-standard.azurerm_network_security_group.transit_sg",
            "module.adb-with-private-link-standard.azurerm_resource_group.transit_rg",
            "module.adb-with-private-link-standard.azurerm_subnet.transit_private",
            "module.adb-with-private-link-standard.azurerm_subnet.transit_public",
            "module.adb-with-private-link-standard.azurerm_subnet_network_security_group_association.transit_private",
            "module.adb-with-private-link-standard.azurerm_subnet_network_security_group_association.transit_public",
            "module.adb-with-private-link-standard.azurerm_virtual_network.transit_vnet",
            "module.adb-with-private-link-standard.data.external.me",
            "module.adb-with-private-link-standard.random_string.naming"
          ]
        }
      ]
    },
    {
      "module": "module.adb-with-private-link-standard",
      "mode": "managed",
      "type": "azurerm_linux_virtual_machine",
      "name": "testvm",
      "provider": "provider[\"registry.terraform.io/hashicorp/azurerm\"]",
      "instances": [
        {
          "schema_version": 0,
          "attributes": {
            "additional_capabilities": [],
            "admin_password": "TCqOb1DS3!!",
            "admin_ssh_key": [],
            "admin_username": "azureuser",
            "allow_extension_operations": true,
            "availability_set_id": "",
            "boot_diagnostics": [],
            "bypass_platform_safety_checks_on_user_schedule_enabled": false,
            "capacity_reservation_group_id": "",
            "computer_name": "tfdemo-cevm",
            "custom_data": "I2Nsb3VkLWNvbmZpZwpwYXNzd29yZDogVENxT2IxRFMzISEKY2hwYXNzd2Q6IHsgZXhwaXJlOiBGYWxzZSB9CnNzaF9wd2F1dGg6IFRydWUK",
            "dedicated_host_group_id": "",
            "dedicated_host_id": "",
            "disable_password_authentication": false,
            "disk_controller_type": "",
            "edge_zone": "",
            "encryption_at_host_enabled": false,
            "eviction_policy": "",
            "extensions_time_budget": "PT1H30M",
            "gallery_application": [],
            "id": "/subscriptions/cd3b621d-1635-4710-aa89-8b5b654b5d29/resourceGroups/adb-transit-tfdemo-ce-rg/providers/Microsoft.Compute/virtualMachines/tfdemo-cevm",
            "identity": [],
            "license_type": "",
            "location": "westeurope",
            "max_bid_price": -1,
            "name": "tfdemo-cevm",
            "network_interface_ids": [
              "/subscriptions/cd3b621d-1635-4710-aa89-8b5b654b5d29/resourceGroups/adb-transit-tfdemo-ce-rg/providers/Microsoft.Network/networkInterfaces/tfdemo-ce-testvm-nic"
            ],
            "os_disk": [
              {
                "caching": "ReadWrite",
                "diff_disk_settings": [],
                "disk_encryption_set_id": "",
                "disk_size_gb": 30,
                "id": "/subscriptions/cd3b621d-1635-4710-aa89-8b5b654b5d29/resourceGroups/adb-transit-tfdemo-ce-rg/providers/Microsoft.Compute/disks/tfdemo-cevm_OsDisk_1_82fbaf4a8fe946f4b7f48f7e997a2d03",
                "name": "tfdemo-cevm_OsDisk_1_82fbaf4a8fe946f4b7f48f7e997a2d03",
                "secure_vm_disk_encryption_set_id": "",
                "security_encryption_type": "",
                "storage_account_type": "Standard_LRS",
                "write_accelerator_enabled": false
              }
            ],
            "os_image_notification": [],
            "patch_assessment_mode": "ImageDefault",
            "patch_mode": "ImageDefault",
            "plan": [],
            "platform_fault_domain": -1,
            "priority": "Regular",
            "private_ip_address": "10.178.6.4",
            "private_ip_addresses": [
              "10.178.6.4"
            ],
            "provision_vm_agent": true,
            "proximity_placement_group_id": "",
            "public_ip_address": "13.81.109.23",
            "public_ip_addresses": [
              "13.81.109.23"
            ],
            "reboot_setting": "",
            "resource_group_name": "adb-transit-tfdemo-ce-rg",
            "secret": [],
            "secure_boot_enabled": false,
            "size": "Standard_B1s",
            "source_image_id": "",
            "source_image_reference": [
              {
                "offer": "CentOS",
                "publisher": "OpenLogic",
                "sku": "8_4",
                "version": "latest"
              }
            ],
            "tags": {},
            "termination_notification": [],
            "timeouts": null,
            "user_data": "",
            "virtual_machine_id": "57bcce67-6f87-4a3f-ba05-28dd24cf5064",
            "virtual_machine_scale_set_id": "",
            "vm_agent_platform_updates_enabled": false,
            "vtpm_enabled": false,
            "zone": ""
          },
          "sensitive_attributes": [
            [
              {
                "type": "get_attr",
                "value": "admin_password"
              }
            ],
            [
              {
                "type": "get_attr",
                "value": "custom_data"
              }
            ]
          ],
          "private": "eyJlMmJmYjczMC1lY2FhLTExZTYtOGY4OC0zNDM2M2JjN2M0YzAiOnsiY3JlYXRlIjoyNzAwMDAwMDAwMDAwLCJkZWxldGUiOjI3MDAwMDAwMDAwMDAsInJlYWQiOjMwMDAwMDAwMDAwMCwidXBkYXRlIjoyNzAwMDAwMDAwMDAwfX0=",
          "dependencies": [
            "module.adb-with-private-link-standard.azurerm_network_interface.testvmnic",
            "module.adb-with-private-link-standard.azurerm_public_ip.testvmpublicip",
            "module.adb-with-private-link-standard.azurerm_resource_group.transit_rg",
            "module.adb-with-private-link-standard.azurerm_subnet.testvmsubnet",
            "module.adb-with-private-link-standard.azurerm_virtual_network.transit_vnet",
            "module.adb-with-private-link-standard.data.external.me",
            "module.adb-with-private-link-standard.random_string.naming",
            "module.adb-with-private-link-standard.random_string.password"
          ]
        }
      ]
    },
    {
      "module": "module.adb-with-private-link-standard",
      "mode": "managed",
      "type": "azurerm_network_interface",
      "name": "testvmnic",
      "provider": "provider[\"registry.terraform.io/hashicorp/azurerm\"]",
      "instances": [
        {
          "schema_version": 0,
          "attributes": {
            "accelerated_networking_enabled": false,
            "applied_dns_servers": [],
            "auxiliary_mode": "",
            "auxiliary_sku": "",
            "dns_servers": [],
            "edge_zone": "",
            "id": "/subscriptions/cd3b621d-1635-4710-aa89-8b5b654b5d29/resourceGroups/adb-transit-tfdemo-ce-rg/providers/Microsoft.Network/networkInterfaces/tfdemo-ce-testvm-nic",
            "internal_dns_name_label": "",
            "internal_domain_name_suffix": "1jmwm0xhtbxuhj1pvi2cwflhqg.ax.internal.cloudapp.net",
            "ip_configuration": [
              {
                "gateway_load_balancer_frontend_ip_configuration_id": "",
                "name": "testvmip",
                "primary": true,
                "private_ip_address": "10.178.6.4",
                "private_ip_address_allocation": "Dynamic",
                "private_ip_address_version": "IPv4",
                "public_ip_address_id": "/subscriptions/cd3b621d-1635-4710-aa89-8b5b654b5d29/resourceGroups/adb-transit-tfdemo-ce-rg/providers/Microsoft.Network/publicIPAddresses/tfdemo-ce-vmpublicip",
                "subnet_id": "/subscriptions/cd3b621d-1635-4710-aa89-8b5b654b5d29/resourceGroups/adb-transit-tfdemo-ce-rg/providers/Microsoft.Network/virtualNetworks/tfdemo-ce-transit-vnet/subnets/tfdemo-ce-testvmsubnet"
              }
            ],
            "ip_forwarding_enabled": false,
            "location": "westeurope",
            "mac_address": "60-45-BD-9D-7C-22",
            "name": "tfdemo-ce-testvm-nic",
            "private_ip_address": "10.178.6.4",
            "private_ip_addresses": [
              "10.178.6.4"
            ],
            "resource_group_name": "adb-transit-tfdemo-ce-rg",
            "tags": {},
            "timeouts": null,
            "virtual_machine_id": "/subscriptions/cd3b621d-1635-4710-aa89-8b5b654b5d29/resourceGroups/adb-transit-tfdemo-ce-rg/providers/Microsoft.Compute/virtualMachines/tfdemo-cevm"
          },
          "sensitive_attributes": [],
          "private": "eyJlMmJmYjczMC1lY2FhLTExZTYtOGY4OC0zNDM2M2JjN2M0YzAiOnsiY3JlYXRlIjoxODAwMDAwMDAwMDAwLCJkZWxldGUiOjE4MDAwMDAwMDAwMDAsInJlYWQiOjMwMDAwMDAwMDAwMCwidXBkYXRlIjoxODAwMDAwMDAwMDAwfX0=",
          "dependencies": [
            "module.adb-with-private-link-standard.azurerm_public_ip.testvmpublicip",
            "module.adb-with-private-link-standard.azurerm_resource_group.transit_rg",
            "module.adb-with-private-link-standard.azurerm_subnet.testvmsubnet",
            "module.adb-with-private-link-standard.azurerm_virtual_network.transit_vnet",
            "module.adb-with-private-link-standard.data.external.me",
            "module.adb-with-private-link-standard.random_string.naming"
          ]
        }
      ]
    },
    {
      "module": "module.adb-with-private-link-standard",
      "mode": "managed",
      "type": "azurerm_network_interface_security_group_association",
      "name": "testvmnsgassoc",
      "provider": "provider[\"registry.terraform.io/hashicorp/azurerm\"]",
      "instances": [
        {
          "schema_version": 0,
          "attributes": {
            "id": "/subscriptions/cd3b621d-1635-4710-aa89-8b5b654b5d29/resourceGroups/adb-transit-tfdemo-ce-rg/providers/Microsoft.Network/networkInterfaces/tfdemo-ce-testvm-nic|/subscriptions/cd3b621d-1635-4710-aa89-8b5b654b5d29/resourceGroups/adb-transit-tfdemo-ce-rg/providers/Microsoft.Network/networkSecurityGroups/tfdemo-ce-testvm-nsg",
            "network_interface_id": "/subscriptions/cd3b621d-1635-4710-aa89-8b5b654b5d29/resourceGroups/adb-transit-tfdemo-ce-rg/providers/Microsoft.Network/networkInterfaces/tfdemo-ce-testvm-nic",
            "network_security_group_id": "/subscriptions/cd3b621d-1635-4710-aa89-8b5b654b5d29/resourceGroups/adb-transit-tfdemo-ce-rg/providers/Microsoft.Network/networkSecurityGroups/tfdemo-ce-testvm-nsg",
            "timeouts": null
          },
          "sensitive_attributes": [],
          "private": "eyJlMmJmYjczMC1lY2FhLTExZTYtOGY4OC0zNDM2M2JjN2M0YzAiOnsiY3JlYXRlIjoxODAwMDAwMDAwMDAwLCJkZWxldGUiOjE4MDAwMDAwMDAwMDAsInJlYWQiOjMwMDAwMDAwMDAwMH19",
          "dependencies": [
            "module.adb-with-private-link-standard.azurerm_network_interface.testvmnic",
            "module.adb-with-private-link-standard.azurerm_network_security_group.testvm-nsg",
            "module.adb-with-private-link-standard.azurerm_public_ip.testvmpublicip",
            "module.adb-with-private-link-standard.azurerm_resource_group.transit_rg",
            "module.adb-with-private-link-standard.azurerm_subnet.testvmsubnet",
            "module.adb-with-private-link-standard.azurerm_virtual_network.transit_vnet",
            "module.adb-with-private-link-standard.data.external.me",
            "module.adb-with-private-link-standard.random_string.naming"
          ]
        }
      ]
    },
    {
      "module": "module.adb-with-private-link-standard",
      "mode": "managed",
      "type": "azurerm_network_security_group",
      "name": "dp_sg",
      "provider": "provider[\"registry.terraform.io/hashicorp/azurerm\"]",
      "instances": [
        {
          "schema_version": 0,
          "attributes": {
            "id": "/subscriptions/cd3b621d-1635-4710-aa89-8b5b654b5d29/resourceGroups/adb-dp-tfdemo-ce-rg/providers/Microsoft.Network/networkSecurityGroups/tfdemo-ce-dp-nsg",
            "location": "westeurope",
            "name": "tfdemo-ce-dp-nsg",
            "resource_group_name": "adb-dp-tfdemo-ce-rg",
            "security_rule": [
              {
                "access": "Allow",
                "description": "",
                "destination_address_prefix": "AzureActiveDirectory",
                "destination_address_prefixes": [],
                "destination_application_security_group_ids": [],
                "destination_port_range": "443",
                "destination_port_ranges": [],
                "direction": "Outbound",
                "name": "AllowAAD-dp",
                "priority": 200,
                "protocol": "Tcp",
                "source_address_prefix": "VirtualNetwork",
                "source_address_prefixes": [],
                "source_application_security_group_ids": [],
                "source_port_range": "*",
                "source_port_ranges": []
              },
              {
                "access": "Allow",
                "description": "",
                "destination_address_prefix": "AzureFrontDoor.Frontend",
                "destination_address_prefixes": [],
                "destination_application_security_group_ids": [],
                "destination_port_range": "443",
                "destination_port_ranges": [],
                "direction": "Outbound",
                "name": "AllowAzureFrontDoor-dp",
                "priority": 201,
                "protocol": "Tcp",
                "source_address_prefix": "VirtualNetwork",
                "source_address_prefixes": [],
                "source_application_security_group_ids": [],
                "source_port_range": "*",
                "source_port_ranges": []
              },
              {
                "access": "Allow",
                "description": "Required for worker communication with Azure Eventhub services.",
                "destination_address_prefix": "EventHub",
                "destination_address_prefixes": [],
                "destination_application_security_group_ids": [],
                "destination_port_range": "9093",
                "destination_port_ranges": [],
                "direction": "Outbound",
                "name": "Microsoft.Databricks-workspaces_UseOnly_databricks-worker-to-eventhub",
                "priority": 103,
                "protocol": "Tcp",
                "source_address_prefix": "VirtualNetwork",
                "source_address_prefixes": [],
                "source_application_security_group_ids": [],
                "source_port_range": "*",
                "source_port_ranges": []
              },
              {
                "access": "Allow",
                "description": "Required for worker nodes communication within a cluster.",
                "destination_address_prefix": "VirtualNetwork",
                "destination_address_prefixes": [],
                "destination_application_security_group_ids": [],
                "destination_port_range": "*",
                "destination_port_ranges": [],
                "direction": "Inbound",
                "name": "Microsoft.Databricks-workspaces_UseOnly_databricks-worker-to-worker-inbound",
                "priority": 100,
                "protocol": "*",
                "source_address_prefix": "VirtualNetwork",
                "source_address_prefixes": [],
                "source_application_security_group_ids": [],
                "source_port_range": "*",
                "source_port_ranges": []
              },
              {
                "access": "Allow",
                "description": "Required for worker nodes communication within a cluster.",
                "destination_address_prefix": "VirtualNetwork",
                "destination_address_prefixes": [],
                "destination_application_security_group_ids": [],
                "destination_port_range": "*",
                "destination_port_ranges": [],
                "direction": "Outbound",
                "name": "Microsoft.Databricks-workspaces_UseOnly_databricks-worker-to-worker-outbound",
                "priority": 100,
                "protocol": "*",
                "source_address_prefix": "VirtualNetwork",
                "source_address_prefixes": [],
                "source_application_security_group_ids": [],
                "source_port_range": "*",
                "source_port_ranges": []
              },
              {
                "access": "Allow",
                "description": "Required for workers communication with Azure SQL services.",
                "destination_address_prefix": "Sql",
                "destination_address_prefixes": [],
                "destination_application_security_group_ids": [],
                "destination_port_range": "3306",
                "destination_port_ranges": [],
                "direction": "Outbound",
                "name": "Microsoft.Databricks-workspaces_UseOnly_databricks-worker-to-sql",
                "priority": 101,
                "protocol": "Tcp",
                "source_address_prefix": "VirtualNetwork",
                "source_address_prefixes": [],
                "source_application_security_group_ids": [],
                "source_port_range": "*",
                "source_port_ranges": []
              },
              {
                "access": "Allow",
                "description": "Required for workers communication with Azure Storage services.",
                "destination_address_prefix": "Storage",
                "destination_address_prefixes": [],
                "destination_application_security_group_ids": [],
                "destination_port_range": "443",
                "destination_port_ranges": [],
                "direction": "Outbound",
                "name": "Microsoft.Databricks-workspaces_UseOnly_databricks-worker-to-storage",
                "priority": 102,
                "protocol": "Tcp",
                "source_address_prefix": "VirtualNetwork",
                "source_address_prefixes": [],
                "source_application_security_group_ids": [],
                "source_port_range": "*",
                "source_port_ranges": []
              }
            ],
            "tags": {
              "Environment": "Testing",
              "Epoch": "1qmke8",
              "Owner": "sagar.shinde@cloudethix.com"
            },
            "timeouts": null
          },
          "sensitive_attributes": [],
          "private": "eyJlMmJmYjczMC1lY2FhLTExZTYtOGY4OC0zNDM2M2JjN2M0YzAiOnsiY3JlYXRlIjoxODAwMDAwMDAwMDAwLCJkZWxldGUiOjE4MDAwMDAwMDAwMDAsInJlYWQiOjMwMDAwMDAwMDAwMCwidXBkYXRlIjoxODAwMDAwMDAwMDAwfX0=",
          "dependencies": [
            "module.adb-with-private-link-standard.azurerm_resource_group.dp_rg",
            "module.adb-with-private-link-standard.data.external.me",
            "module.adb-with-private-link-standard.random_string.naming"
          ]
        }
      ]
    },
    {
      "module": "module.adb-with-private-link-standard",
      "mode": "managed",
      "type": "azurerm_network_security_group",
      "name": "testvm-nsg",
      "provider": "provider[\"registry.terraform.io/hashicorp/azurerm\"]",
      "instances": [
        {
          "schema_version": 0,
          "attributes": {
            "id": "/subscriptions/cd3b621d-1635-4710-aa89-8b5b654b5d29/resourceGroups/adb-transit-tfdemo-ce-rg/providers/Microsoft.Network/networkSecurityGroups/tfdemo-ce-testvm-nsg",
            "location": "westeurope",
            "name": "tfdemo-ce-testvm-nsg",
            "resource_group_name": "adb-transit-tfdemo-ce-rg",
            "security_rule": [
              {
                "access": "Allow",
                "description": "",
                "destination_address_prefix": "13.81.109.23",
                "destination_address_prefixes": [],
                "destination_application_security_group_ids": [],
                "destination_port_range": "22",
                "destination_port_ranges": [],
                "direction": "Inbound",
                "name": "SSH",
                "priority": 200,
                "protocol": "Tcp",
                "source_address_prefix": "",
                "source_address_prefixes": [
                  "106.51.36.23"
                ],
                "source_application_security_group_ids": [],
                "source_port_range": "*",
                "source_port_ranges": []
              }
            ],
            "tags": {
              "Environment": "Testing",
              "Epoch": "1qmke8",
              "Owner": "sagar.shinde@cloudethix.com"
            },
            "timeouts": null
          },
          "sensitive_attributes": [],
          "private": "eyJlMmJmYjczMC1lY2FhLTExZTYtOGY4OC0zNDM2M2JjN2M0YzAiOnsiY3JlYXRlIjoxODAwMDAwMDAwMDAwLCJkZWxldGUiOjE4MDAwMDAwMDAwMDAsInJlYWQiOjMwMDAwMDAwMDAwMCwidXBkYXRlIjoxODAwMDAwMDAwMDAwfX0=",
          "dependencies": [
            "module.adb-with-private-link-standard.azurerm_resource_group.transit_rg",
            "module.adb-with-private-link-standard.data.external.me",
            "module.adb-with-private-link-standard.random_string.naming"
          ]
        }
      ]
    },
    {
      "module": "module.adb-with-private-link-standard",
      "mode": "managed",
      "type": "azurerm_network_security_group",
      "name": "transit_sg",
      "provider": "provider[\"registry.terraform.io/hashicorp/azurerm\"]",
      "instances": [
        {
          "schema_version": 0,
          "attributes": {
            "id": "/subscriptions/cd3b621d-1635-4710-aa89-8b5b654b5d29/resourceGroups/adb-transit-tfdemo-ce-rg/providers/Microsoft.Network/networkSecurityGroups/tfdemo-ce-transit-nsg",
            "location": "westeurope",
            "name": "tfdemo-ce-transit-nsg",
            "resource_group_name": "adb-transit-tfdemo-ce-rg",
            "security_rule": [
              {
                "access": "Allow",
                "description": "",
                "destination_address_prefix": "AzureActiveDirectory",
                "destination_address_prefixes": [],
                "destination_application_security_group_ids": [],
                "destination_port_range": "443",
                "destination_port_ranges": [],
                "direction": "Outbound",
                "name": "AllowAAD-transit",
                "priority": 200,
                "protocol": "Tcp",
                "source_address_prefix": "VirtualNetwork",
                "source_address_prefixes": [],
                "source_application_security_group_ids": [],
                "source_port_range": "*",
                "source_port_ranges": []
              },
              {
                "access": "Allow",
                "description": "",
                "destination_address_prefix": "AzureFrontDoor.Frontend",
                "destination_address_prefixes": [],
                "destination_application_security_group_ids": [],
                "destination_port_range": "443",
                "destination_port_ranges": [],
                "direction": "Outbound",
                "name": "AllowAzureFrontDoor-transit",
                "priority": 201,
                "protocol": "Tcp",
                "source_address_prefix": "VirtualNetwork",
                "source_address_prefixes": [],
                "source_application_security_group_ids": [],
                "source_port_range": "*",
                "source_port_ranges": []
              },
              {
                "access": "Allow",
                "description": "Required for worker communication with Azure Eventhub services.",
                "destination_address_prefix": "EventHub",
                "destination_address_prefixes": [],
                "destination_application_security_group_ids": [],
                "destination_port_range": "9093",
                "destination_port_ranges": [],
                "direction": "Outbound",
                "name": "Microsoft.Databricks-workspaces_UseOnly_databricks-worker-to-eventhub",
                "priority": 103,
                "protocol": "Tcp",
                "source_address_prefix": "VirtualNetwork",
                "source_address_prefixes": [],
                "source_application_security_group_ids": [],
                "source_port_range": "*",
                "source_port_ranges": []
              },
              {
                "access": "Allow",
                "description": "Required for worker nodes communication within a cluster.",
                "destination_address_prefix": "VirtualNetwork",
                "destination_address_prefixes": [],
                "destination_application_security_group_ids": [],
                "destination_port_range": "*",
                "destination_port_ranges": [],
                "direction": "Inbound",
                "name": "Microsoft.Databricks-workspaces_UseOnly_databricks-worker-to-worker-inbound",
                "priority": 100,
                "protocol": "*",
                "source_address_prefix": "VirtualNetwork",
                "source_address_prefixes": [],
                "source_application_security_group_ids": [],
                "source_port_range": "*",
                "source_port_ranges": []
              },
              {
                "access": "Allow",
                "description": "Required for worker nodes communication within a cluster.",
                "destination_address_prefix": "VirtualNetwork",
                "destination_address_prefixes": [],
                "destination_application_security_group_ids": [],
                "destination_port_range": "*",
                "destination_port_ranges": [],
                "direction": "Outbound",
                "name": "Microsoft.Databricks-workspaces_UseOnly_databricks-worker-to-worker-outbound",
                "priority": 100,
                "protocol": "*",
                "source_address_prefix": "VirtualNetwork",
                "source_address_prefixes": [],
                "source_application_security_group_ids": [],
                "source_port_range": "*",
                "source_port_ranges": []
              },
              {
                "access": "Allow",
                "description": "Required for workers communication with Azure SQL services.",
                "destination_address_prefix": "Sql",
                "destination_address_prefixes": [],
                "destination_application_security_group_ids": [],
                "destination_port_range": "3306",
                "destination_port_ranges": [],
                "direction": "Outbound",
                "name": "Microsoft.Databricks-workspaces_UseOnly_databricks-worker-to-sql",
                "priority": 101,
                "protocol": "Tcp",
                "source_address_prefix": "VirtualNetwork",
                "source_address_prefixes": [],
                "source_application_security_group_ids": [],
                "source_port_range": "*",
                "source_port_ranges": []
              },
              {
                "access": "Allow",
                "description": "Required for workers communication with Azure Storage services.",
                "destination_address_prefix": "Storage",
                "destination_address_prefixes": [],
                "destination_application_security_group_ids": [],
                "destination_port_range": "443",
                "destination_port_ranges": [],
                "direction": "Outbound",
                "name": "Microsoft.Databricks-workspaces_UseOnly_databricks-worker-to-storage",
                "priority": 102,
                "protocol": "Tcp",
                "source_address_prefix": "VirtualNetwork",
                "source_address_prefixes": [],
                "source_application_security_group_ids": [],
                "source_port_range": "*",
                "source_port_ranges": []
              }
            ],
            "tags": {
              "Environment": "Testing",
              "Epoch": "1qmke8",
              "Owner": "sagar.shinde@cloudethix.com"
            },
            "timeouts": null
          },
          "sensitive_attributes": [],
          "private": "eyJlMmJmYjczMC1lY2FhLTExZTYtOGY4OC0zNDM2M2JjN2M0YzAiOnsiY3JlYXRlIjoxODAwMDAwMDAwMDAwLCJkZWxldGUiOjE4MDAwMDAwMDAwMDAsInJlYWQiOjMwMDAwMDAwMDAwMCwidXBkYXRlIjoxODAwMDAwMDAwMDAwfX0=",
          "dependencies": [
            "module.adb-with-private-link-standard.azurerm_resource_group.transit_rg",
            "module.adb-with-private-link-standard.data.external.me",
            "module.adb-with-private-link-standard.random_string.naming"
          ]
        }
      ]
    },
    {
      "module": "module.adb-with-private-link-standard",
      "mode": "managed",
      "type": "azurerm_network_security_rule",
      "name": "dp_aad",
      "provider": "provider[\"registry.terraform.io/hashicorp/azurerm\"]",
      "instances": [
        {
          "schema_version": 0,
          "attributes": {
            "access": "Allow",
            "description": "",
            "destination_address_prefix": "AzureActiveDirectory",
            "destination_address_prefixes": [],
            "destination_application_security_group_ids": [],
            "destination_port_range": "443",
            "destination_port_ranges": [],
            "direction": "Outbound",
            "id": "/subscriptions/cd3b621d-1635-4710-aa89-8b5b654b5d29/resourceGroups/adb-dp-tfdemo-ce-rg/providers/Microsoft.Network/networkSecurityGroups/tfdemo-ce-dp-nsg/securityRules/AllowAAD-dp",
            "name": "AllowAAD-dp",
            "network_security_group_name": "tfdemo-ce-dp-nsg",
            "priority": 200,
            "protocol": "Tcp",
            "resource_group_name": "adb-dp-tfdemo-ce-rg",
            "source_address_prefix": "VirtualNetwork",
            "source_address_prefixes": [],
            "source_application_security_group_ids": [],
            "source_port_range": "*",
            "source_port_ranges": [],
            "timeouts": null
          },
          "sensitive_attributes": [],
          "private": "eyJlMmJmYjczMC1lY2FhLTExZTYtOGY4OC0zNDM2M2JjN2M0YzAiOnsiY3JlYXRlIjoxODAwMDAwMDAwMDAwLCJkZWxldGUiOjE4MDAwMDAwMDAwMDAsInJlYWQiOjMwMDAwMDAwMDAwMCwidXBkYXRlIjoxODAwMDAwMDAwMDAwfX0=",
          "dependencies": [
            "module.adb-with-private-link-standard.azurerm_network_security_group.dp_sg",
            "module.adb-with-private-link-standard.azurerm_resource_group.dp_rg",
            "module.adb-with-private-link-standard.data.external.me",
            "module.adb-with-private-link-standard.random_string.naming"
          ]
        }
      ]
    },
    {
      "module": "module.adb-with-private-link-standard",
      "mode": "managed",
      "type": "azurerm_network_security_rule",
      "name": "dp_azfrontdoor",
      "provider": "provider[\"registry.terraform.io/hashicorp/azurerm\"]",
      "instances": [
        {
          "schema_version": 0,
          "attributes": {
            "access": "Allow",
            "description": "",
            "destination_address_prefix": "AzureFrontDoor.Frontend",
            "destination_address_prefixes": [],
            "destination_application_security_group_ids": [],
            "destination_port_range": "443",
            "destination_port_ranges": [],
            "direction": "Outbound",
            "id": "/subscriptions/cd3b621d-1635-4710-aa89-8b5b654b5d29/resourceGroups/adb-dp-tfdemo-ce-rg/providers/Microsoft.Network/networkSecurityGroups/tfdemo-ce-dp-nsg/securityRules/AllowAzureFrontDoor-dp",
            "name": "AllowAzureFrontDoor-dp",
            "network_security_group_name": "tfdemo-ce-dp-nsg",
            "priority": 201,
            "protocol": "Tcp",
            "resource_group_name": "adb-dp-tfdemo-ce-rg",
            "source_address_prefix": "VirtualNetwork",
            "source_address_prefixes": [],
            "source_application_security_group_ids": [],
            "source_port_range": "*",
            "source_port_ranges": [],
            "timeouts": null
          },
          "sensitive_attributes": [],
          "private": "eyJlMmJmYjczMC1lY2FhLTExZTYtOGY4OC0zNDM2M2JjN2M0YzAiOnsiY3JlYXRlIjoxODAwMDAwMDAwMDAwLCJkZWxldGUiOjE4MDAwMDAwMDAwMDAsInJlYWQiOjMwMDAwMDAwMDAwMCwidXBkYXRlIjoxODAwMDAwMDAwMDAwfX0=",
          "dependencies": [
            "module.adb-with-private-link-standard.azurerm_network_security_group.dp_sg",
            "module.adb-with-private-link-standard.azurerm_resource_group.dp_rg",
            "module.adb-with-private-link-standard.data.external.me",
            "module.adb-with-private-link-standard.random_string.naming"
          ]
        }
      ]
    },
    {
      "module": "module.adb-with-private-link-standard",
      "mode": "managed",
      "type": "azurerm_network_security_rule",
      "name": "test0",
      "provider": "provider[\"registry.terraform.io/hashicorp/azurerm\"]",
      "instances": [
        {
          "schema_version": 0,
          "attributes": {
            "access": "Allow",
            "description": "",
            "destination_address_prefix": "13.81.109.23",
            "destination_address_prefixes": [],
            "destination_application_security_group_ids": [],
            "destination_port_range": "22",
            "destination_port_ranges": [],
            "direction": "Inbound",
            "id": "/subscriptions/cd3b621d-1635-4710-aa89-8b5b654b5d29/resourceGroups/adb-transit-tfdemo-ce-rg/providers/Microsoft.Network/networkSecurityGroups/tfdemo-ce-testvm-nsg/securityRules/SSH",
            "name": "SSH",
            "network_security_group_name": "tfdemo-ce-testvm-nsg",
            "priority": 200,
            "protocol": "Tcp",
            "resource_group_name": "adb-transit-tfdemo-ce-rg",
            "source_address_prefix": "",
            "source_address_prefixes": [
              "106.51.36.23"
            ],
            "source_application_security_group_ids": [],
            "source_port_range": "*",
            "source_port_ranges": [],
            "timeouts": null
          },
          "sensitive_attributes": [],
          "private": "eyJlMmJmYjczMC1lY2FhLTExZTYtOGY4OC0zNDM2M2JjN2M0YzAiOnsiY3JlYXRlIjoxODAwMDAwMDAwMDAwLCJkZWxldGUiOjE4MDAwMDAwMDAwMDAsInJlYWQiOjMwMDAwMDAwMDAwMCwidXBkYXRlIjoxODAwMDAwMDAwMDAwfX0=",
          "dependencies": [
            "module.adb-with-private-link-standard.azurerm_network_security_group.testvm-nsg",
            "module.adb-with-private-link-standard.azurerm_public_ip.testvmpublicip",
            "module.adb-with-private-link-standard.azurerm_resource_group.transit_rg",
            "module.adb-with-private-link-standard.data.external.me",
            "module.adb-with-private-link-standard.data.http.my_public_ip",
            "module.adb-with-private-link-standard.random_string.naming"
          ]
        }
      ]
    },
    {
      "module": "module.adb-with-private-link-standard",
      "mode": "managed",
      "type": "azurerm_network_security_rule",
      "name": "transit_aad",
      "provider": "provider[\"registry.terraform.io/hashicorp/azurerm\"]",
      "instances": [
        {
          "schema_version": 0,
          "attributes": {
            "access": "Allow",
            "description": "",
            "destination_address_prefix": "AzureActiveDirectory",
            "destination_address_prefixes": [],
            "destination_application_security_group_ids": [],
            "destination_port_range": "443",
            "destination_port_ranges": [],
            "direction": "Outbound",
            "id": "/subscriptions/cd3b621d-1635-4710-aa89-8b5b654b5d29/resourceGroups/adb-transit-tfdemo-ce-rg/providers/Microsoft.Network/networkSecurityGroups/tfdemo-ce-transit-nsg/securityRules/AllowAAD-transit",
            "name": "AllowAAD-transit",
            "network_security_group_name": "tfdemo-ce-transit-nsg",
            "priority": 200,
            "protocol": "Tcp",
            "resource_group_name": "adb-transit-tfdemo-ce-rg",
            "source_address_prefix": "VirtualNetwork",
            "source_address_prefixes": [],
            "source_application_security_group_ids": [],
            "source_port_range": "*",
            "source_port_ranges": [],
            "timeouts": null
          },
          "sensitive_attributes": [],
          "private": "eyJlMmJmYjczMC1lY2FhLTExZTYtOGY4OC0zNDM2M2JjN2M0YzAiOnsiY3JlYXRlIjoxODAwMDAwMDAwMDAwLCJkZWxldGUiOjE4MDAwMDAwMDAwMDAsInJlYWQiOjMwMDAwMDAwMDAwMCwidXBkYXRlIjoxODAwMDAwMDAwMDAwfX0=",
          "dependencies": [
            "module.adb-with-private-link-standard.azurerm_network_security_group.transit_sg",
            "module.adb-with-private-link-standard.azurerm_resource_group.transit_rg",
            "module.adb-with-private-link-standard.data.external.me",
            "module.adb-with-private-link-standard.random_string.naming"
          ]
        }
      ]
    },
    {
      "module": "module.adb-with-private-link-standard",
      "mode": "managed",
      "type": "azurerm_network_security_rule",
      "name": "transit_azfrontdoor",
      "provider": "provider[\"registry.terraform.io/hashicorp/azurerm\"]",
      "instances": [
        {
          "schema_version": 0,
          "attributes": {
            "access": "Allow",
            "description": "",
            "destination_address_prefix": "AzureFrontDoor.Frontend",
            "destination_address_prefixes": [],
            "destination_application_security_group_ids": [],
            "destination_port_range": "443",
            "destination_port_ranges": [],
            "direction": "Outbound",
            "id": "/subscriptions/cd3b621d-1635-4710-aa89-8b5b654b5d29/resourceGroups/adb-transit-tfdemo-ce-rg/providers/Microsoft.Network/networkSecurityGroups/tfdemo-ce-transit-nsg/securityRules/AllowAzureFrontDoor-transit",
            "name": "AllowAzureFrontDoor-transit",
            "network_security_group_name": "tfdemo-ce-transit-nsg",
            "priority": 201,
            "protocol": "Tcp",
            "resource_group_name": "adb-transit-tfdemo-ce-rg",
            "source_address_prefix": "VirtualNetwork",
            "source_address_prefixes": [],
            "source_application_security_group_ids": [],
            "source_port_range": "*",
            "source_port_ranges": [],
            "timeouts": null
          },
          "sensitive_attributes": [],
          "private": "eyJlMmJmYjczMC1lY2FhLTExZTYtOGY4OC0zNDM2M2JjN2M0YzAiOnsiY3JlYXRlIjoxODAwMDAwMDAwMDAwLCJkZWxldGUiOjE4MDAwMDAwMDAwMDAsInJlYWQiOjMwMDAwMDAwMDAwMCwidXBkYXRlIjoxODAwMDAwMDAwMDAwfX0=",
          "dependencies": [
            "module.adb-with-private-link-standard.azurerm_network_security_group.transit_sg",
            "module.adb-with-private-link-standard.azurerm_resource_group.transit_rg",
            "module.adb-with-private-link-standard.data.external.me",
            "module.adb-with-private-link-standard.random_string.naming"
          ]
        }
      ]
    },
    {
      "module": "module.adb-with-private-link-standard",
      "mode": "managed",
      "type": "azurerm_private_dns_zone",
      "name": "dns_auth_front",
      "provider": "provider[\"registry.terraform.io/hashicorp/azurerm\"]",
      "instances": [
        {
          "schema_version": 0,
          "attributes": {
            "id": "/subscriptions/cd3b621d-1635-4710-aa89-8b5b654b5d29/resourceGroups/adb-transit-tfdemo-ce-rg/providers/Microsoft.Network/privateDnsZones/privatelink.azuredatabricks.net",
            "max_number_of_record_sets": 25000,
            "max_number_of_virtual_network_links": 1000,
            "max_number_of_virtual_network_links_with_registration": 100,
            "name": "privatelink.azuredatabricks.net",
            "number_of_record_sets": 6,
            "resource_group_name": "adb-transit-tfdemo-ce-rg",
            "soa_record": [
              {
                "email": "azureprivatedns-host.microsoft.com",
                "expire_time": 2419200,
                "fqdn": "privatelink.azuredatabricks.net.",
                "host_name": "azureprivatedns.net",
                "minimum_ttl": 10,
                "refresh_time": 3600,
                "retry_time": 300,
                "serial_number": 1,
                "tags": {},
                "ttl": 3600
              }
            ],
            "tags": {},
            "timeouts": null
          },
          "sensitive_attributes": [],
          "private": "eyJlMmJmYjczMC1lY2FhLTExZTYtOGY4OC0zNDM2M2JjN2M0YzAiOnsiY3JlYXRlIjoxODAwMDAwMDAwMDAwLCJkZWxldGUiOjE4MDAwMDAwMDAwMDAsInJlYWQiOjMwMDAwMDAwMDAwMCwidXBkYXRlIjoxODAwMDAwMDAwMDAwfX0=",
          "dependencies": [
            "module.adb-with-private-link-standard.azurerm_resource_group.transit_rg",
            "module.adb-with-private-link-standard.data.external.me",
            "module.adb-with-private-link-standard.random_string.naming"
          ]
        }
      ]
    },
    {
      "module": "module.adb-with-private-link-standard",
      "mode": "managed",
      "type": "azurerm_private_dns_zone",
      "name": "dnsdbfs_blob",
      "provider": "provider[\"registry.terraform.io/hashicorp/azurerm\"]",
      "instances": [
        {
          "schema_version": 0,
          "attributes": {
            "id": "/subscriptions/cd3b621d-1635-4710-aa89-8b5b654b5d29/resourceGroups/adb-dp-tfdemo-ce-rg/providers/Microsoft.Network/privateDnsZones/privatelink.blob.core.windows.net",
            "max_number_of_record_sets": 25000,
            "max_number_of_virtual_network_links": 1000,
            "max_number_of_virtual_network_links_with_registration": 100,
            "name": "privatelink.blob.core.windows.net",
            "number_of_record_sets": 2,
            "resource_group_name": "adb-dp-tfdemo-ce-rg",
            "soa_record": [
              {
                "email": "azureprivatedns-host.microsoft.com",
                "expire_time": 2419200,
                "fqdn": "privatelink.blob.core.windows.net.",
                "host_name": "azureprivatedns.net",
                "minimum_ttl": 10,
                "refresh_time": 3600,
                "retry_time": 300,
                "serial_number": 1,
                "tags": {},
                "ttl": 3600
              }
            ],
            "tags": {},
            "timeouts": null
          },
          "sensitive_attributes": [],
          "private": "eyJlMmJmYjczMC1lY2FhLTExZTYtOGY4OC0zNDM2M2JjN2M0YzAiOnsiY3JlYXRlIjoxODAwMDAwMDAwMDAwLCJkZWxldGUiOjE4MDAwMDAwMDAwMDAsInJlYWQiOjMwMDAwMDAwMDAwMCwidXBkYXRlIjoxODAwMDAwMDAwMDAwfX0=",
          "dependencies": [
            "module.adb-with-private-link-standard.azurerm_resource_group.dp_rg",
            "module.adb-with-private-link-standard.data.external.me",
            "module.adb-with-private-link-standard.random_string.naming"
          ]
        }
      ]
    },
    {
      "module": "module.adb-with-private-link-standard",
      "mode": "managed",
      "type": "azurerm_private_dns_zone",
      "name": "dnsdbfs_dfs",
      "provider": "provider[\"registry.terraform.io/hashicorp/azurerm\"]",
      "instances": [
        {
          "schema_version": 0,
          "attributes": {
            "id": "/subscriptions/cd3b621d-1635-4710-aa89-8b5b654b5d29/resourceGroups/adb-dp-tfdemo-ce-rg/providers/Microsoft.Network/privateDnsZones/privatelink.dfs.core.windows.net",
            "max_number_of_record_sets": 25000,
            "max_number_of_virtual_network_links": 1000,
            "max_number_of_virtual_network_links_with_registration": 100,
            "name": "privatelink.dfs.core.windows.net",
            "number_of_record_sets": 2,
            "resource_group_name": "adb-dp-tfdemo-ce-rg",
            "soa_record": [
              {
                "email": "azureprivatedns-host.microsoft.com",
                "expire_time": 2419200,
                "fqdn": "privatelink.dfs.core.windows.net.",
                "host_name": "azureprivatedns.net",
                "minimum_ttl": 10,
                "refresh_time": 3600,
                "retry_time": 300,
                "serial_number": 1,
                "tags": {},
                "ttl": 3600
              }
            ],
            "tags": {},
            "timeouts": null
          },
          "sensitive_attributes": [],
          "private": "eyJlMmJmYjczMC1lY2FhLTExZTYtOGY4OC0zNDM2M2JjN2M0YzAiOnsiY3JlYXRlIjoxODAwMDAwMDAwMDAwLCJkZWxldGUiOjE4MDAwMDAwMDAwMDAsInJlYWQiOjMwMDAwMDAwMDAwMCwidXBkYXRlIjoxODAwMDAwMDAwMDAwfX0=",
          "dependencies": [
            "module.adb-with-private-link-standard.azurerm_resource_group.dp_rg",
            "module.adb-with-private-link-standard.data.external.me",
            "module.adb-with-private-link-standard.random_string.naming"
          ]
        }
      ]
    },
    {
      "module": "module.adb-with-private-link-standard",
      "mode": "managed",
      "type": "azurerm_private_dns_zone",
      "name": "dnsdpcp",
      "provider": "provider[\"registry.terraform.io/hashicorp/azurerm\"]",
      "instances": [
        {
          "schema_version": 0,
          "attributes": {
            "id": "/subscriptions/cd3b621d-1635-4710-aa89-8b5b654b5d29/resourceGroups/adb-dp-tfdemo-ce-rg/providers/Microsoft.Network/privateDnsZones/privatelink.azuredatabricks.net",
            "max_number_of_record_sets": 25000,
            "max_number_of_virtual_network_links": 1000,
            "max_number_of_virtual_network_links_with_registration": 100,
            "name": "privatelink.azuredatabricks.net",
            "number_of_record_sets": 2,
            "resource_group_name": "adb-dp-tfdemo-ce-rg",
            "soa_record": [
              {
                "email": "azureprivatedns-host.microsoft.com",
                "expire_time": 2419200,
                "fqdn": "privatelink.azuredatabricks.net.",
                "host_name": "azureprivatedns.net",
                "minimum_ttl": 10,
                "refresh_time": 3600,
                "retry_time": 300,
                "serial_number": 1,
                "tags": {},
                "ttl": 3600
              }
            ],
            "tags": {},
            "timeouts": null
          },
          "sensitive_attributes": [],
          "private": "eyJlMmJmYjczMC1lY2FhLTExZTYtOGY4OC0zNDM2M2JjN2M0YzAiOnsiY3JlYXRlIjoxODAwMDAwMDAwMDAwLCJkZWxldGUiOjE4MDAwMDAwMDAwMDAsInJlYWQiOjMwMDAwMDAwMDAwMCwidXBkYXRlIjoxODAwMDAwMDAwMDAwfX0=",
          "dependencies": [
            "module.adb-with-private-link-standard.azurerm_resource_group.dp_rg",
            "module.adb-with-private-link-standard.data.external.me",
            "module.adb-with-private-link-standard.random_string.naming"
          ]
        }
      ]
    },
    {
      "module": "module.adb-with-private-link-standard",
      "mode": "managed",
      "type": "azurerm_private_dns_zone_virtual_network_link",
      "name": "dbfsdnszonevnetlink_blob",
      "provider": "provider[\"registry.terraform.io/hashicorp/azurerm\"]",
      "instances": [
        {
          "schema_version": 0,
          "attributes": {
            "id": "/subscriptions/cd3b621d-1635-4710-aa89-8b5b654b5d29/resourceGroups/adb-dp-tfdemo-ce-rg/providers/Microsoft.Network/privateDnsZones/privatelink.blob.core.windows.net/virtualNetworkLinks/dbfsspokevnetconnection-blob",
            "name": "dbfsspokevnetconnection-blob",
            "private_dns_zone_name": "privatelink.blob.core.windows.net",
            "registration_enabled": false,
            "resource_group_name": "adb-dp-tfdemo-ce-rg",
            "tags": {},
            "timeouts": null,
            "virtual_network_id": "/subscriptions/cd3b621d-1635-4710-aa89-8b5b654b5d29/resourceGroups/adb-dp-tfdemo-ce-rg/providers/Microsoft.Network/virtualNetworks/tfdemo-ce-dp-vnet"
          },
          "sensitive_attributes": [],
          "private": "eyJlMmJmYjczMC1lY2FhLTExZTYtOGY4OC0zNDM2M2JjN2M0YzAiOnsiY3JlYXRlIjoxODAwMDAwMDAwMDAwLCJkZWxldGUiOjE4MDAwMDAwMDAwMDAsInJlYWQiOjMwMDAwMDAwMDAwMCwidXBkYXRlIjoxODAwMDAwMDAwMDAwfX0=",
          "dependencies": [
            "module.adb-with-private-link-standard.azurerm_private_dns_zone.dnsdbfs_blob",
            "module.adb-with-private-link-standard.azurerm_resource_group.dp_rg",
            "module.adb-with-private-link-standard.azurerm_virtual_network.dp_vnet",
            "module.adb-with-private-link-standard.data.external.me",
            "module.adb-with-private-link-standard.random_string.naming"
          ]
        }
      ]
    },
    {
      "module": "module.adb-with-private-link-standard",
      "mode": "managed",
      "type": "azurerm_private_dns_zone_virtual_network_link",
      "name": "dbfsdnszonevnetlink_dfs",
      "provider": "provider[\"registry.terraform.io/hashicorp/azurerm\"]",
      "instances": [
        {
          "schema_version": 0,
          "attributes": {
            "id": "/subscriptions/cd3b621d-1635-4710-aa89-8b5b654b5d29/resourceGroups/adb-dp-tfdemo-ce-rg/providers/Microsoft.Network/privateDnsZones/privatelink.dfs.core.windows.net/virtualNetworkLinks/dbfsspokevnetconnection-dfs",
            "name": "dbfsspokevnetconnection-dfs",
            "private_dns_zone_name": "privatelink.dfs.core.windows.net",
            "registration_enabled": false,
            "resource_group_name": "adb-dp-tfdemo-ce-rg",
            "tags": {},
            "timeouts": null,
            "virtual_network_id": "/subscriptions/cd3b621d-1635-4710-aa89-8b5b654b5d29/resourceGroups/adb-dp-tfdemo-ce-rg/providers/Microsoft.Network/virtualNetworks/tfdemo-ce-dp-vnet"
          },
          "sensitive_attributes": [],
          "private": "eyJlMmJmYjczMC1lY2FhLTExZTYtOGY4OC0zNDM2M2JjN2M0YzAiOnsiY3JlYXRlIjoxODAwMDAwMDAwMDAwLCJkZWxldGUiOjE4MDAwMDAwMDAwMDAsInJlYWQiOjMwMDAwMDAwMDAwMCwidXBkYXRlIjoxODAwMDAwMDAwMDAwfX0=",
          "dependencies": [
            "module.adb-with-private-link-standard.azurerm_private_dns_zone.dnsdbfs_dfs",
            "module.adb-with-private-link-standard.azurerm_resource_group.dp_rg",
            "module.adb-with-private-link-standard.azurerm_virtual_network.dp_vnet",
            "module.adb-with-private-link-standard.data.external.me",
            "module.adb-with-private-link-standard.random_string.naming"
          ]
        }
      ]
    },
    {
      "module": "module.adb-with-private-link-standard",
      "mode": "managed",
      "type": "azurerm_private_dns_zone_virtual_network_link",
      "name": "dpcpdnszonevnetlink",
      "provider": "provider[\"registry.terraform.io/hashicorp/azurerm\"]",
      "instances": [
        {
          "schema_version": 0,
          "attributes": {
            "id": "/subscriptions/cd3b621d-1635-4710-aa89-8b5b654b5d29/resourceGroups/adb-dp-tfdemo-ce-rg/providers/Microsoft.Network/privateDnsZones/privatelink.azuredatabricks.net/virtualNetworkLinks/dpcpspokevnetconnection",
            "name": "dpcpspokevnetconnection",
            "private_dns_zone_name": "privatelink.azuredatabricks.net",
            "registration_enabled": false,
            "resource_group_name": "adb-dp-tfdemo-ce-rg",
            "tags": {},
            "timeouts": null,
            "virtual_network_id": "/subscriptions/cd3b621d-1635-4710-aa89-8b5b654b5d29/resourceGroups/adb-dp-tfdemo-ce-rg/providers/Microsoft.Network/virtualNetworks/tfdemo-ce-dp-vnet"
          },
          "sensitive_attributes": [],
          "private": "eyJlMmJmYjczMC1lY2FhLTExZTYtOGY4OC0zNDM2M2JjN2M0YzAiOnsiY3JlYXRlIjoxODAwMDAwMDAwMDAwLCJkZWxldGUiOjE4MDAwMDAwMDAwMDAsInJlYWQiOjMwMDAwMDAwMDAwMCwidXBkYXRlIjoxODAwMDAwMDAwMDAwfX0=",
          "dependencies": [
            "module.adb-with-private-link-standard.azurerm_private_dns_zone.dnsdpcp",
            "module.adb-with-private-link-standard.azurerm_resource_group.dp_rg",
            "module.adb-with-private-link-standard.azurerm_virtual_network.dp_vnet",
            "module.adb-with-private-link-standard.data.external.me",
            "module.adb-with-private-link-standard.random_string.naming"
          ]
        }
      ]
    },
    {
      "module": "module.adb-with-private-link-standard",
      "mode": "managed",
      "type": "azurerm_private_dns_zone_virtual_network_link",
      "name": "transitdnszonevnetlink",
      "provider": "provider[\"registry.terraform.io/hashicorp/azurerm\"]",
      "instances": [
        {
          "schema_version": 0,
          "attributes": {
            "id": "/subscriptions/cd3b621d-1635-4710-aa89-8b5b654b5d29/resourceGroups/adb-transit-tfdemo-ce-rg/providers/Microsoft.Network/privateDnsZones/privatelink.azuredatabricks.net/virtualNetworkLinks/dpcpspokevnetconnection",
            "name": "dpcpspokevnetconnection",
            "private_dns_zone_name": "privatelink.azuredatabricks.net",
            "registration_enabled": false,
            "resource_group_name": "adb-transit-tfdemo-ce-rg",
            "tags": {},
            "timeouts": null,
            "virtual_network_id": "/subscriptions/cd3b621d-1635-4710-aa89-8b5b654b5d29/resourceGroups/adb-transit-tfdemo-ce-rg/providers/Microsoft.Network/virtualNetworks/tfdemo-ce-transit-vnet"
          },
          "sensitive_attributes": [],
          "private": "eyJlMmJmYjczMC1lY2FhLTExZTYtOGY4OC0zNDM2M2JjN2M0YzAiOnsiY3JlYXRlIjoxODAwMDAwMDAwMDAwLCJkZWxldGUiOjE4MDAwMDAwMDAwMDAsInJlYWQiOjMwMDAwMDAwMDAwMCwidXBkYXRlIjoxODAwMDAwMDAwMDAwfX0=",
          "dependencies": [
            "module.adb-with-private-link-standard.azurerm_private_dns_zone.dns_auth_front",
            "module.adb-with-private-link-standard.azurerm_resource_group.transit_rg",
            "module.adb-with-private-link-standard.azurerm_virtual_network.transit_vnet",
            "module.adb-with-private-link-standard.data.external.me",
            "module.adb-with-private-link-standard.random_string.naming"
          ]
        }
      ]
    },
    {
      "module": "module.adb-with-private-link-standard",
      "mode": "managed",
      "type": "azurerm_private_endpoint",
      "name": "cust1_dp_dpcp",
      "provider": "provider[\"registry.terraform.io/hashicorp/azurerm\"]",
      "instances": [
        {
          "schema_version": 0,
          "attributes": {
            "custom_dns_configs": [],
            "custom_network_interface_name": "",
            "id": "/subscriptions/cd3b621d-1635-4710-aa89-8b5b654b5d29/resourceGroups/adb-dp-tfdemo-ce-rg/providers/Microsoft.Network/privateEndpoints/cust1_dpcppvtendpoint-dp",
            "ip_configuration": [],
            "location": "westeurope",
            "name": "cust1_dpcppvtendpoint-dp",
            "network_interface": [
              {
                "id": "/subscriptions/cd3b621d-1635-4710-aa89-8b5b654b5d29/resourceGroups/adb-dp-tfdemo-ce-rg/providers/Microsoft.Network/networkInterfaces/cust1_dpcppvtendpoint-dp.nic.14590abc-072a-4e90-b2ce-564c1199d20c",
                "name": "cust1_dpcppvtendpoint-dp.nic.14590abc-072a-4e90-b2ce-564c1199d20c"
              }
            ],
            "private_dns_zone_configs": [
              {
                "id": "/subscriptions/cd3b621d-1635-4710-aa89-8b5b654b5d29/resourceGroups/adb-dp-tfdemo-ce-rg/providers/Microsoft.Network/privateEndpoints/cust1_dpcppvtendpoint-dp/privateDnsZoneGroups/cust1-dp-private-dns-zone-dpcp/privateDnsZoneConfigs/privatelink.azuredatabricks.net",
                "name": "privatelink.azuredatabricks.net",
                "private_dns_zone_id": "/subscriptions/cd3b621d-1635-4710-aa89-8b5b654b5d29/resourceGroups/adb-dp-tfdemo-ce-rg/providers/Microsoft.Network/privateDnsZones/privatelink.azuredatabricks.net",
                "record_sets": [
                  {
                    "fqdn": "adb-751561323547250.10.privatelink.azuredatabricks.net",
                    "ip_addresses": [
                      "10.179.0.135"
                    ],
                    "name": "adb-751561323547250.10",
                    "ttl": 10,
                    "type": "A"
                  }
                ]
              }
            ],
            "private_dns_zone_group": [
              {
                "id": "/subscriptions/cd3b621d-1635-4710-aa89-8b5b654b5d29/resourceGroups/adb-dp-tfdemo-ce-rg/providers/Microsoft.Network/privateEndpoints/cust1_dpcppvtendpoint-dp/privateDnsZoneGroups/cust1-dp-private-dns-zone-dpcp",
                "name": "cust1-dp-private-dns-zone-dpcp",
                "private_dns_zone_ids": [
                  "/subscriptions/cd3b621d-1635-4710-aa89-8b5b654b5d29/resourceGroups/adb-dp-tfdemo-ce-rg/providers/Microsoft.Network/privateDnsZones/privatelink.azuredatabricks.net"
                ]
              }
            ],
            "private_service_connection": [
              {
                "is_manual_connection": false,
                "name": "cust1-ple-tfdemo-ce-dp-dpcp",
                "private_connection_resource_alias": "",
                "private_connection_resource_id": "/subscriptions/cd3b621d-1635-4710-aa89-8b5b654b5d29/resourceGroups/cust1-adb-dp-tfdemo-ce-rg/providers/Microsoft.Databricks/workspaces/cust1-tfdemo-ce-dp-workspace",
                "private_ip_address": "10.179.0.135",
                "request_message": "",
                "subresource_names": [
                  "databricks_ui_api"
                ]
              }
            ],
            "resource_group_name": "adb-dp-tfdemo-ce-rg",
            "subnet_id": "/subscriptions/cd3b621d-1635-4710-aa89-8b5b654b5d29/resourceGroups/adb-dp-tfdemo-ce-rg/providers/Microsoft.Network/virtualNetworks/tfdemo-ce-dp-vnet/subnets/tfdemo-ce-dp-privatelink",
            "tags": null,
            "timeouts": null
          },
          "sensitive_attributes": [],
          "private": "eyJlMmJmYjczMC1lY2FhLTExZTYtOGY4OC0zNDM2M2JjN2M0YzAiOnsiY3JlYXRlIjozNjAwMDAwMDAwMDAwLCJkZWxldGUiOjM2MDAwMDAwMDAwMDAsInJlYWQiOjMwMDAwMDAwMDAwMCwidXBkYXRlIjozNjAwMDAwMDAwMDAwfX0=",
          "dependencies": [
            "module.adb-with-private-link-standard.azurerm_databricks_workspace.cust1_dp_workspace",
            "module.adb-with-private-link-standard.azurerm_network_security_group.dp_sg",
            "module.adb-with-private-link-standard.azurerm_private_dns_zone.dnsdpcp",
            "module.adb-with-private-link-standard.azurerm_resource_group.cust1_dp_rg",
            "module.adb-with-private-link-standard.azurerm_resource_group.dp_rg",
            "module.adb-with-private-link-standard.azurerm_subnet.cust1_dp_private",
            "module.adb-with-private-link-standard.azurerm_subnet.cust1_dp_public",
            "module.adb-with-private-link-standard.azurerm_subnet.dp_plsubnet",
            "module.adb-with-private-link-standard.azurerm_subnet.dp_private",
            "module.adb-with-private-link-standard.azurerm_subnet.dp_public",
            "module.adb-with-private-link-standard.azurerm_subnet_network_security_group_association.dp_private",
            "module.adb-with-private-link-standard.azurerm_subnet_network_security_group_association.dp_public",
            "module.adb-with-private-link-standard.azurerm_virtual_network.dp_vnet",
            "module.adb-with-private-link-standard.data.external.me",
            "module.adb-with-private-link-standard.random_string.naming"
          ]
        }
      ]
    },
    {
      "module": "module.adb-with-private-link-standard",
      "mode": "managed",
      "type": "azurerm_private_endpoint",
      "name": "cust1_front_pe",
      "provider": "provider[\"registry.terraform.io/hashicorp/azurerm\"]",
      "instances": [
        {
          "schema_version": 0,
          "attributes": {
            "custom_dns_configs": [],
            "custom_network_interface_name": "",
            "id": "/subscriptions/cd3b621d-1635-4710-aa89-8b5b654b5d29/resourceGroups/adb-transit-tfdemo-ce-rg/providers/Microsoft.Network/privateEndpoints/cust1frontprivatendpoint",
            "ip_configuration": [],
            "location": "westeurope",
            "name": "cust1frontprivatendpoint",
            "network_interface": [
              {
                "id": "/subscriptions/cd3b621d-1635-4710-aa89-8b5b654b5d29/resourceGroups/adb-transit-tfdemo-ce-rg/providers/Microsoft.Network/networkInterfaces/cust1frontprivatendpoint.nic.a00baed9-8971-442d-82cc-86f1d3788132",
                "name": "cust1frontprivatendpoint.nic.a00baed9-8971-442d-82cc-86f1d3788132"
              }
            ],
            "private_dns_zone_configs": [
              {
                "id": "/subscriptions/cd3b621d-1635-4710-aa89-8b5b654b5d29/resourceGroups/adb-transit-tfdemo-ce-rg/providers/Microsoft.Network/privateEndpoints/cust1frontprivatendpoint/privateDnsZoneGroups/cust1-private-dns-zone-uiapi/privateDnsZoneConfigs/privatelink.azuredatabricks.net",
                "name": "privatelink.azuredatabricks.net",
                "private_dns_zone_id": "/subscriptions/cd3b621d-1635-4710-aa89-8b5b654b5d29/resourceGroups/adb-transit-tfdemo-ce-rg/providers/Microsoft.Network/privateDnsZones/privatelink.azuredatabricks.net",
                "record_sets": [
                  {
                    "fqdn": "adb-751561323547250.10.privatelink.azuredatabricks.net",
                    "ip_addresses": [
                      "10.178.0.136"
                    ],
                    "name": "adb-751561323547250.10",
                    "ttl": 10,
                    "type": "A"
                  }
                ]
              }
            ],
            "private_dns_zone_group": [
              {
                "id": "/subscriptions/cd3b621d-1635-4710-aa89-8b5b654b5d29/resourceGroups/adb-transit-tfdemo-ce-rg/providers/Microsoft.Network/privateEndpoints/cust1frontprivatendpoint/privateDnsZoneGroups/cust1-private-dns-zone-uiapi",
                "name": "cust1-private-dns-zone-uiapi",
                "private_dns_zone_ids": [
                  "/subscriptions/cd3b621d-1635-4710-aa89-8b5b654b5d29/resourceGroups/adb-transit-tfdemo-ce-rg/providers/Microsoft.Network/privateDnsZones/privatelink.azuredatabricks.net"
                ]
              }
            ],
            "private_service_connection": [
              {
                "is_manual_connection": false,
                "name": "cust1-ple-tfdemo-ce-uiapi",
                "private_connection_resource_alias": "",
                "private_connection_resource_id": "/subscriptions/cd3b621d-1635-4710-aa89-8b5b654b5d29/resourceGroups/cust1-adb-dp-tfdemo-ce-rg/providers/Microsoft.Databricks/workspaces/cust1-tfdemo-ce-dp-workspace",
                "private_ip_address": "10.178.0.136",
                "request_message": "",
                "subresource_names": [
                  "databricks_ui_api"
                ]
              }
            ],
            "resource_group_name": "adb-transit-tfdemo-ce-rg",
            "subnet_id": "/subscriptions/cd3b621d-1635-4710-aa89-8b5b654b5d29/resourceGroups/adb-transit-tfdemo-ce-rg/providers/Microsoft.Network/virtualNetworks/tfdemo-ce-transit-vnet/subnets/tfdemo-ce-transit-privatelink",
            "tags": {},
            "timeouts": null
          },
          "sensitive_attributes": [],
          "private": "eyJlMmJmYjczMC1lY2FhLTExZTYtOGY4OC0zNDM2M2JjN2M0YzAiOnsiY3JlYXRlIjozNjAwMDAwMDAwMDAwLCJkZWxldGUiOjM2MDAwMDAwMDAwMDAsInJlYWQiOjMwMDAwMDAwMDAwMCwidXBkYXRlIjozNjAwMDAwMDAwMDAwfX0=",
          "dependencies": [
            "module.adb-with-private-link-standard.azurerm_databricks_workspace.cust1_dp_workspace",
            "module.adb-with-private-link-standard.azurerm_network_security_group.dp_sg",
            "module.adb-with-private-link-standard.azurerm_private_dns_zone.dns_auth_front",
            "module.adb-with-private-link-standard.azurerm_resource_group.cust1_dp_rg",
            "module.adb-with-private-link-standard.azurerm_resource_group.dp_rg",
            "module.adb-with-private-link-standard.azurerm_resource_group.transit_rg",
            "module.adb-with-private-link-standard.azurerm_subnet.cust1_dp_private",
            "module.adb-with-private-link-standard.azurerm_subnet.cust1_dp_public",
            "module.adb-with-private-link-standard.azurerm_subnet.dp_private",
            "module.adb-with-private-link-standard.azurerm_subnet.dp_public",
            "module.adb-with-private-link-standard.azurerm_subnet.transit_plsubnet",
            "module.adb-with-private-link-standard.azurerm_subnet_network_security_group_association.dp_private",
            "module.adb-with-private-link-standard.azurerm_subnet_network_security_group_association.dp_public",
            "module.adb-with-private-link-standard.azurerm_virtual_network.dp_vnet",
            "module.adb-with-private-link-standard.azurerm_virtual_network.transit_vnet",
            "module.adb-with-private-link-standard.data.external.me",
            "module.adb-with-private-link-standard.random_string.naming"
          ]
        }
      ]
    },
    {
      "module": "module.adb-with-private-link-standard",
      "mode": "managed",
      "type": "azurerm_private_endpoint",
      "name": "dp_dbfspe_blob",
      "provider": "provider[\"registry.terraform.io/hashicorp/azurerm\"]",
      "instances": [
        {
          "schema_version": 0,
          "attributes": {
            "custom_dns_configs": [],
            "custom_network_interface_name": "",
            "id": "/subscriptions/cd3b621d-1635-4710-aa89-8b5b654b5d29/resourceGroups/adb-dp-tfdemo-ce-rg/providers/Microsoft.Network/privateEndpoints/dbfspvtendpoint-dp-blob",
            "ip_configuration": [],
            "location": "westeurope",
            "name": "dbfspvtendpoint-dp-blob",
            "network_interface": [
              {
                "id": "/subscriptions/cd3b621d-1635-4710-aa89-8b5b654b5d29/resourceGroups/adb-dp-tfdemo-ce-rg/providers/Microsoft.Network/networkInterfaces/dbfspvtendpoint-dp-blob.nic.0a5c5abd-4769-491f-ab49-de36975caebf",
                "name": "dbfspvtendpoint-dp-blob.nic.0a5c5abd-4769-491f-ab49-de36975caebf"
              }
            ],
            "private_dns_zone_configs": [
              {
                "id": "/subscriptions/cd3b621d-1635-4710-aa89-8b5b654b5d29/resourceGroups/adb-dp-tfdemo-ce-rg/providers/Microsoft.Network/privateEndpoints/dbfspvtendpoint-dp-blob/privateDnsZoneGroups/private-dns-zone-dbfs-blob/privateDnsZoneConfigs/privatelink.blob.core.windows.net",
                "name": "privatelink.blob.core.windows.net",
                "private_dns_zone_id": "/subscriptions/cd3b621d-1635-4710-aa89-8b5b654b5d29/resourceGroups/adb-dp-tfdemo-ce-rg/providers/Microsoft.Network/privateDnsZones/privatelink.blob.core.windows.net",
                "record_sets": [
                  {
                    "fqdn": "dbfsce.privatelink.blob.core.windows.net",
                    "ip_addresses": [
                      "10.179.0.132"
                    ],
                    "name": "dbfsce",
                    "ttl": 10,
                    "type": "A"
                  }
                ]
              }
            ],
            "private_dns_zone_group": [
              {
                "id": "/subscriptions/cd3b621d-1635-4710-aa89-8b5b654b5d29/resourceGroups/adb-dp-tfdemo-ce-rg/providers/Microsoft.Network/privateEndpoints/dbfspvtendpoint-dp-blob/privateDnsZoneGroups/private-dns-zone-dbfs-blob",
                "name": "private-dns-zone-dbfs-blob",
                "private_dns_zone_ids": [
                  "/subscriptions/cd3b621d-1635-4710-aa89-8b5b654b5d29/resourceGroups/adb-dp-tfdemo-ce-rg/providers/Microsoft.Network/privateDnsZones/privatelink.blob.core.windows.net"
                ]
              }
            ],
            "private_service_connection": [
              {
                "is_manual_connection": false,
                "name": "ple-tfdemo-ce-dp-dbfs-blob",
                "private_connection_resource_alias": "",
                "private_connection_resource_id": "/subscriptions/cd3b621d-1635-4710-aa89-8b5b654b5d29/resourceGroups/databricks-rg-adb-dp-tfdemo-ce-rg/providers/Microsoft.Storage/storageAccounts/dbfsce",
                "private_ip_address": "10.179.0.132",
                "request_message": "",
                "subresource_names": [
                  "blob"
                ]
              }
            ],
            "resource_group_name": "adb-dp-tfdemo-ce-rg",
            "subnet_id": "/subscriptions/cd3b621d-1635-4710-aa89-8b5b654b5d29/resourceGroups/adb-dp-tfdemo-ce-rg/providers/Microsoft.Network/virtualNetworks/tfdemo-ce-dp-vnet/subnets/tfdemo-ce-dp-privatelink",
            "tags": {},
            "timeouts": null
          },
          "sensitive_attributes": [],
          "private": "eyJlMmJmYjczMC1lY2FhLTExZTYtOGY4OC0zNDM2M2JjN2M0YzAiOnsiY3JlYXRlIjozNjAwMDAwMDAwMDAwLCJkZWxldGUiOjM2MDAwMDAwMDAwMDAsInJlYWQiOjMwMDAwMDAwMDAwMCwidXBkYXRlIjozNjAwMDAwMDAwMDAwfX0=",
          "dependencies": [
            "module.adb-with-private-link-standard.azurerm_databricks_workspace.dp_workspace",
            "module.adb-with-private-link-standard.azurerm_network_security_group.dp_sg",
            "module.adb-with-private-link-standard.azurerm_private_dns_zone.dnsdbfs_blob",
            "module.adb-with-private-link-standard.azurerm_resource_group.dp_rg",
            "module.adb-with-private-link-standard.azurerm_subnet.dp_plsubnet",
            "module.adb-with-private-link-standard.azurerm_subnet.dp_private",
            "module.adb-with-private-link-standard.azurerm_subnet.dp_public",
            "module.adb-with-private-link-standard.azurerm_subnet_network_security_group_association.dp_private",
            "module.adb-with-private-link-standard.azurerm_subnet_network_security_group_association.dp_public",
            "module.adb-with-private-link-standard.azurerm_virtual_network.dp_vnet",
            "module.adb-with-private-link-standard.data.external.me",
            "module.adb-with-private-link-standard.random_string.naming"
          ]
        }
      ]
    },
    {
      "module": "module.adb-with-private-link-standard",
      "mode": "managed",
      "type": "azurerm_private_endpoint",
      "name": "dp_dbfspe_dfs",
      "provider": "provider[\"registry.terraform.io/hashicorp/azurerm\"]",
      "instances": [
        {
          "schema_version": 0,
          "attributes": {
            "custom_dns_configs": [],
            "custom_network_interface_name": "",
            "id": "/subscriptions/cd3b621d-1635-4710-aa89-8b5b654b5d29/resourceGroups/adb-dp-tfdemo-ce-rg/providers/Microsoft.Network/privateEndpoints/dbfspvtendpoint-dp-dfs",
            "ip_configuration": [],
            "location": "westeurope",
            "name": "dbfspvtendpoint-dp-dfs",
            "network_interface": [
              {
                "id": "/subscriptions/cd3b621d-1635-4710-aa89-8b5b654b5d29/resourceGroups/adb-dp-tfdemo-ce-rg/providers/Microsoft.Network/networkInterfaces/dbfspvtendpoint-dp-dfs.nic.c67f31ce-1933-4521-b752-80e7c6f32d29",
                "name": "dbfspvtendpoint-dp-dfs.nic.c67f31ce-1933-4521-b752-80e7c6f32d29"
              }
            ],
            "private_dns_zone_configs": [
              {
                "id": "/subscriptions/cd3b621d-1635-4710-aa89-8b5b654b5d29/resourceGroups/adb-dp-tfdemo-ce-rg/providers/Microsoft.Network/privateEndpoints/dbfspvtendpoint-dp-dfs/privateDnsZoneGroups/private-dns-zone-dbfs-dfs/privateDnsZoneConfigs/privatelink.dfs.core.windows.net",
                "name": "privatelink.dfs.core.windows.net",
                "private_dns_zone_id": "/subscriptions/cd3b621d-1635-4710-aa89-8b5b654b5d29/resourceGroups/adb-dp-tfdemo-ce-rg/providers/Microsoft.Network/privateDnsZones/privatelink.dfs.core.windows.net",
                "record_sets": [
                  {
                    "fqdn": "dbfsce.privatelink.dfs.core.windows.net",
                    "ip_addresses": [
                      "10.179.0.133"
                    ],
                    "name": "dbfsce",
                    "ttl": 10,
                    "type": "A"
                  }
                ]
              }
            ],
            "private_dns_zone_group": [
              {
                "id": "/subscriptions/cd3b621d-1635-4710-aa89-8b5b654b5d29/resourceGroups/adb-dp-tfdemo-ce-rg/providers/Microsoft.Network/privateEndpoints/dbfspvtendpoint-dp-dfs/privateDnsZoneGroups/private-dns-zone-dbfs-dfs",
                "name": "private-dns-zone-dbfs-dfs",
                "private_dns_zone_ids": [
                  "/subscriptions/cd3b621d-1635-4710-aa89-8b5b654b5d29/resourceGroups/adb-dp-tfdemo-ce-rg/providers/Microsoft.Network/privateDnsZones/privatelink.dfs.core.windows.net"
                ]
              }
            ],
            "private_service_connection": [
              {
                "is_manual_connection": false,
                "name": "ple-tfdemo-ce-dp-dbfs-dfs",
                "private_connection_resource_alias": "",
                "private_connection_resource_id": "/subscriptions/cd3b621d-1635-4710-aa89-8b5b654b5d29/resourceGroups/databricks-rg-adb-dp-tfdemo-ce-rg/providers/Microsoft.Storage/storageAccounts/dbfsce",
                "private_ip_address": "10.179.0.133",
                "request_message": "",
                "subresource_names": [
                  "dfs"
                ]
              }
            ],
            "resource_group_name": "adb-dp-tfdemo-ce-rg",
            "subnet_id": "/subscriptions/cd3b621d-1635-4710-aa89-8b5b654b5d29/resourceGroups/adb-dp-tfdemo-ce-rg/providers/Microsoft.Network/virtualNetworks/tfdemo-ce-dp-vnet/subnets/tfdemo-ce-dp-privatelink",
            "tags": {},
            "timeouts": null
          },
          "sensitive_attributes": [],
          "private": "eyJlMmJmYjczMC1lY2FhLTExZTYtOGY4OC0zNDM2M2JjN2M0YzAiOnsiY3JlYXRlIjozNjAwMDAwMDAwMDAwLCJkZWxldGUiOjM2MDAwMDAwMDAwMDAsInJlYWQiOjMwMDAwMDAwMDAwMCwidXBkYXRlIjozNjAwMDAwMDAwMDAwfX0=",
          "dependencies": [
            "module.adb-with-private-link-standard.azurerm_databricks_workspace.dp_workspace",
            "module.adb-with-private-link-standard.azurerm_network_security_group.dp_sg",
            "module.adb-with-private-link-standard.azurerm_private_dns_zone.dnsdbfs_dfs",
            "module.adb-with-private-link-standard.azurerm_resource_group.dp_rg",
            "module.adb-with-private-link-standard.azurerm_subnet.dp_plsubnet",
            "module.adb-with-private-link-standard.azurerm_subnet.dp_private",
            "module.adb-with-private-link-standard.azurerm_subnet.dp_public",
            "module.adb-with-private-link-standard.azurerm_subnet_network_security_group_association.dp_private",
            "module.adb-with-private-link-standard.azurerm_subnet_network_security_group_association.dp_public",
            "module.adb-with-private-link-standard.azurerm_virtual_network.dp_vnet",
            "module.adb-with-private-link-standard.data.external.me",
            "module.adb-with-private-link-standard.random_string.naming"
          ]
        }
      ]
    },
    {
      "module": "module.adb-with-private-link-standard",
      "mode": "managed",
      "type": "azurerm_private_endpoint",
      "name": "dp_dpcp",
      "provider": "provider[\"registry.terraform.io/hashicorp/azurerm\"]",
      "instances": [
        {
          "schema_version": 0,
          "attributes": {
            "custom_dns_configs": [],
            "custom_network_interface_name": "",
            "id": "/subscriptions/cd3b621d-1635-4710-aa89-8b5b654b5d29/resourceGroups/adb-dp-tfdemo-ce-rg/providers/Microsoft.Network/privateEndpoints/dpcppvtendpoint-dp",
            "ip_configuration": [],
            "location": "westeurope",
            "name": "dpcppvtendpoint-dp",
            "network_interface": [
              {
                "id": "/subscriptions/cd3b621d-1635-4710-aa89-8b5b654b5d29/resourceGroups/adb-dp-tfdemo-ce-rg/providers/Microsoft.Network/networkInterfaces/dpcppvtendpoint-dp.nic.66c9de79-2555-4c2e-966d-8f31d44e3aae",
                "name": "dpcppvtendpoint-dp.nic.66c9de79-2555-4c2e-966d-8f31d44e3aae"
              }
            ],
            "private_dns_zone_configs": [
              {
                "id": "/subscriptions/cd3b621d-1635-4710-aa89-8b5b654b5d29/resourceGroups/adb-dp-tfdemo-ce-rg/providers/Microsoft.Network/privateEndpoints/dpcppvtendpoint-dp/privateDnsZoneGroups/dp-private-dns-zone-dpcp/privateDnsZoneConfigs/privatelink.azuredatabricks.net",
                "name": "privatelink.azuredatabricks.net",
                "private_dns_zone_id": "/subscriptions/cd3b621d-1635-4710-aa89-8b5b654b5d29/resourceGroups/adb-dp-tfdemo-ce-rg/providers/Microsoft.Network/privateDnsZones/privatelink.azuredatabricks.net",
                "record_sets": [
                  {
                    "fqdn": "adb-4185180613907581.1.privatelink.azuredatabricks.net",
                    "ip_addresses": [
                      "10.179.0.134"
                    ],
                    "name": "adb-4185180613907581.1",
                    "ttl": 10,
                    "type": "A"
                  }
                ]
              }
            ],
            "private_dns_zone_group": [
              {
                "id": "/subscriptions/cd3b621d-1635-4710-aa89-8b5b654b5d29/resourceGroups/adb-dp-tfdemo-ce-rg/providers/Microsoft.Network/privateEndpoints/dpcppvtendpoint-dp/privateDnsZoneGroups/dp-private-dns-zone-dpcp",
                "name": "dp-private-dns-zone-dpcp",
                "private_dns_zone_ids": [
                  "/subscriptions/cd3b621d-1635-4710-aa89-8b5b654b5d29/resourceGroups/adb-dp-tfdemo-ce-rg/providers/Microsoft.Network/privateDnsZones/privatelink.azuredatabricks.net"
                ]
              }
            ],
            "private_service_connection": [
              {
                "is_manual_connection": false,
                "name": "ple-tfdemo-ce-dp-dpcp",
                "private_connection_resource_alias": "",
                "private_connection_resource_id": "/subscriptions/cd3b621d-1635-4710-aa89-8b5b654b5d29/resourceGroups/adb-dp-tfdemo-ce-rg/providers/Microsoft.Databricks/workspaces/tfdemo-ce-dp-workspace",
                "private_ip_address": "10.179.0.134",
                "request_message": "",
                "subresource_names": [
                  "databricks_ui_api"
                ]
              }
            ],
            "resource_group_name": "adb-dp-tfdemo-ce-rg",
            "subnet_id": "/subscriptions/cd3b621d-1635-4710-aa89-8b5b654b5d29/resourceGroups/adb-dp-tfdemo-ce-rg/providers/Microsoft.Network/virtualNetworks/tfdemo-ce-dp-vnet/subnets/tfdemo-ce-dp-privatelink",
            "tags": {},
            "timeouts": null
          },
          "sensitive_attributes": [],
          "private": "eyJlMmJmYjczMC1lY2FhLTExZTYtOGY4OC0zNDM2M2JjN2M0YzAiOnsiY3JlYXRlIjozNjAwMDAwMDAwMDAwLCJkZWxldGUiOjM2MDAwMDAwMDAwMDAsInJlYWQiOjMwMDAwMDAwMDAwMCwidXBkYXRlIjozNjAwMDAwMDAwMDAwfX0=",
          "dependencies": [
            "module.adb-with-private-link-standard.azurerm_databricks_workspace.dp_workspace",
            "module.adb-with-private-link-standard.azurerm_network_security_group.dp_sg",
            "module.adb-with-private-link-standard.azurerm_private_dns_zone.dnsdpcp",
            "module.adb-with-private-link-standard.azurerm_resource_group.dp_rg",
            "module.adb-with-private-link-standard.azurerm_subnet.dp_plsubnet",
            "module.adb-with-private-link-standard.azurerm_subnet.dp_private",
            "module.adb-with-private-link-standard.azurerm_subnet.dp_public",
            "module.adb-with-private-link-standard.azurerm_subnet_network_security_group_association.dp_private",
            "module.adb-with-private-link-standard.azurerm_subnet_network_security_group_association.dp_public",
            "module.adb-with-private-link-standard.azurerm_virtual_network.dp_vnet",
            "module.adb-with-private-link-standard.data.external.me",
            "module.adb-with-private-link-standard.random_string.naming"
          ]
        }
      ]
    },
    {
      "module": "module.adb-with-private-link-standard",
      "mode": "managed",
      "type": "azurerm_private_endpoint",
      "name": "front_pe",
      "provider": "provider[\"registry.terraform.io/hashicorp/azurerm\"]",
      "instances": [
        {
          "schema_version": 0,
          "attributes": {
            "custom_dns_configs": [],
            "custom_network_interface_name": "",
            "id": "/subscriptions/cd3b621d-1635-4710-aa89-8b5b654b5d29/resourceGroups/adb-transit-tfdemo-ce-rg/providers/Microsoft.Network/privateEndpoints/frontprivatendpoint",
            "ip_configuration": [],
            "location": "westeurope",
            "name": "frontprivatendpoint",
            "network_interface": [
              {
                "id": "/subscriptions/cd3b621d-1635-4710-aa89-8b5b654b5d29/resourceGroups/adb-transit-tfdemo-ce-rg/providers/Microsoft.Network/networkInterfaces/frontprivatendpoint.nic.8cd3646d-5da0-4c18-b2d5-dff758e1f013",
                "name": "frontprivatendpoint.nic.8cd3646d-5da0-4c18-b2d5-dff758e1f013"
              }
            ],
            "private_dns_zone_configs": [
              {
                "id": "/subscriptions/cd3b621d-1635-4710-aa89-8b5b654b5d29/resourceGroups/adb-transit-tfdemo-ce-rg/providers/Microsoft.Network/privateEndpoints/frontprivatendpoint/privateDnsZoneGroups/private-dns-zone-uiapi/privateDnsZoneConfigs/privatelink.azuredatabricks.net",
                "name": "privatelink.azuredatabricks.net",
                "private_dns_zone_id": "/subscriptions/cd3b621d-1635-4710-aa89-8b5b654b5d29/resourceGroups/adb-transit-tfdemo-ce-rg/providers/Microsoft.Network/privateDnsZones/privatelink.azuredatabricks.net",
                "record_sets": [
                  {
                    "fqdn": "adb-4185180613907581.1.privatelink.azuredatabricks.net",
                    "ip_addresses": [
                      "10.178.0.132"
                    ],
                    "name": "adb-4185180613907581.1",
                    "ttl": 10,
                    "type": "A"
                  }
                ]
              }
            ],
            "private_dns_zone_group": [
              {
                "id": "/subscriptions/cd3b621d-1635-4710-aa89-8b5b654b5d29/resourceGroups/adb-transit-tfdemo-ce-rg/providers/Microsoft.Network/privateEndpoints/frontprivatendpoint/privateDnsZoneGroups/private-dns-zone-uiapi",
                "name": "private-dns-zone-uiapi",
                "private_dns_zone_ids": [
                  "/subscriptions/cd3b621d-1635-4710-aa89-8b5b654b5d29/resourceGroups/adb-transit-tfdemo-ce-rg/providers/Microsoft.Network/privateDnsZones/privatelink.azuredatabricks.net"
                ]
              }
            ],
            "private_service_connection": [
              {
                "is_manual_connection": false,
                "name": "ple-tfdemo-ce-uiapi",
                "private_connection_resource_alias": "",
                "private_connection_resource_id": "/subscriptions/cd3b621d-1635-4710-aa89-8b5b654b5d29/resourceGroups/adb-dp-tfdemo-ce-rg/providers/Microsoft.Databricks/workspaces/tfdemo-ce-dp-workspace",
                "private_ip_address": "10.178.0.132",
                "request_message": "",
                "subresource_names": [
                  "databricks_ui_api"
                ]
              }
            ],
            "resource_group_name": "adb-transit-tfdemo-ce-rg",
            "subnet_id": "/subscriptions/cd3b621d-1635-4710-aa89-8b5b654b5d29/resourceGroups/adb-transit-tfdemo-ce-rg/providers/Microsoft.Network/virtualNetworks/tfdemo-ce-transit-vnet/subnets/tfdemo-ce-transit-privatelink",
            "tags": {},
            "timeouts": null
          },
          "sensitive_attributes": [],
          "private": "eyJlMmJmYjczMC1lY2FhLTExZTYtOGY4OC0zNDM2M2JjN2M0YzAiOnsiY3JlYXRlIjozNjAwMDAwMDAwMDAwLCJkZWxldGUiOjM2MDAwMDAwMDAwMDAsInJlYWQiOjMwMDAwMDAwMDAwMCwidXBkYXRlIjozNjAwMDAwMDAwMDAwfX0=",
          "dependencies": [
            "module.adb-with-private-link-standard.azurerm_databricks_workspace.dp_workspace",
            "module.adb-with-private-link-standard.azurerm_network_security_group.dp_sg",
            "module.adb-with-private-link-standard.azurerm_private_dns_zone.dns_auth_front",
            "module.adb-with-private-link-standard.azurerm_resource_group.dp_rg",
            "module.adb-with-private-link-standard.azurerm_resource_group.transit_rg",
            "module.adb-with-private-link-standard.azurerm_subnet.dp_private",
            "module.adb-with-private-link-standard.azurerm_subnet.dp_public",
            "module.adb-with-private-link-standard.azurerm_subnet.transit_plsubnet",
            "module.adb-with-private-link-standard.azurerm_subnet_network_security_group_association.dp_private",
            "module.adb-with-private-link-standard.azurerm_subnet_network_security_group_association.dp_public",
            "module.adb-with-private-link-standard.azurerm_virtual_network.dp_vnet",
            "module.adb-with-private-link-standard.azurerm_virtual_network.transit_vnet",
            "module.adb-with-private-link-standard.data.external.me",
            "module.adb-with-private-link-standard.random_string.naming"
          ]
        }
      ]
    },
    {
      "module": "module.adb-with-private-link-standard",
      "mode": "managed",
      "type": "azurerm_private_endpoint",
      "name": "transit_auth",
      "provider": "provider[\"registry.terraform.io/hashicorp/azurerm\"]",
      "instances": [
        {
          "schema_version": 0,
          "attributes": {
            "custom_dns_configs": [],
            "custom_network_interface_name": "",
            "id": "/subscriptions/cd3b621d-1635-4710-aa89-8b5b654b5d29/resourceGroups/adb-transit-tfdemo-ce-rg/providers/Microsoft.Network/privateEndpoints/aadauthpvtendpoint-transit",
            "ip_configuration": [],
            "location": "westeurope",
            "name": "aadauthpvtendpoint-transit",
            "network_interface": [
              {
                "id": "/subscriptions/cd3b621d-1635-4710-aa89-8b5b654b5d29/resourceGroups/adb-transit-tfdemo-ce-rg/providers/Microsoft.Network/networkInterfaces/aadauthpvtendpoint-transit.nic.1fe51abf-5232-4175-a54a-b6101e95b222",
                "name": "aadauthpvtendpoint-transit.nic.1fe51abf-5232-4175-a54a-b6101e95b222"
              }
            ],
            "private_dns_zone_configs": [
              {
                "id": "/subscriptions/cd3b621d-1635-4710-aa89-8b5b654b5d29/resourceGroups/adb-transit-tfdemo-ce-rg/providers/Microsoft.Network/privateEndpoints/aadauthpvtendpoint-transit/privateDnsZoneGroups/private-dns-zone-auth/privateDnsZoneConfigs/privatelink.azuredatabricks.net",
                "name": "privatelink.azuredatabricks.net",
                "private_dns_zone_id": "/subscriptions/cd3b621d-1635-4710-aa89-8b5b654b5d29/resourceGroups/adb-transit-tfdemo-ce-rg/providers/Microsoft.Network/privateDnsZones/privatelink.azuredatabricks.net",
                "record_sets": [
                  {
                    "fqdn": "westeurope.pl-auth.privatelink.azuredatabricks.net",
                    "ip_addresses": [
                      "10.178.0.133"
                    ],
                    "name": "westeurope.pl-auth",
                    "ttl": 10,
                    "type": "A"
                  },
                  {
                    "fqdn": "westeurope-c2.pl-auth.privatelink.azuredatabricks.net",
                    "ip_addresses": [
                      "10.178.0.134"
                    ],
                    "name": "westeurope-c2.pl-auth",
                    "ttl": 10,
                    "type": "A"
                  },
                  {
                    "fqdn": "westeurope-c3.pl-auth.privatelink.azuredatabricks.net",
                    "ip_addresses": [
                      "10.178.0.135"
                    ],
                    "name": "westeurope-c3.pl-auth",
                    "ttl": 10,
                    "type": "A"
                  }
                ]
              }
            ],
            "private_dns_zone_group": [
              {
                "id": "/subscriptions/cd3b621d-1635-4710-aa89-8b5b654b5d29/resourceGroups/adb-transit-tfdemo-ce-rg/providers/Microsoft.Network/privateEndpoints/aadauthpvtendpoint-transit/privateDnsZoneGroups/private-dns-zone-auth",
                "name": "private-dns-zone-auth",
                "private_dns_zone_ids": [
                  "/subscriptions/cd3b621d-1635-4710-aa89-8b5b654b5d29/resourceGroups/adb-transit-tfdemo-ce-rg/providers/Microsoft.Network/privateDnsZones/privatelink.azuredatabricks.net"
                ]
              }
            ],
            "private_service_connection": [
              {
                "is_manual_connection": false,
                "name": "ple-tfdemo-ce-auth",
                "private_connection_resource_alias": "",
                "private_connection_resource_id": "/subscriptions/cd3b621d-1635-4710-aa89-8b5b654b5d29/resourceGroups/adb-transit-tfdemo-ce-rg/providers/Microsoft.Databricks/workspaces/tfdemo-ce-transit-workspace",
                "private_ip_address": "10.178.0.133",
                "request_message": "",
                "subresource_names": [
                  "browser_authentication"
                ]
              }
            ],
            "resource_group_name": "adb-transit-tfdemo-ce-rg",
            "subnet_id": "/subscriptions/cd3b621d-1635-4710-aa89-8b5b654b5d29/resourceGroups/adb-transit-tfdemo-ce-rg/providers/Microsoft.Network/virtualNetworks/tfdemo-ce-transit-vnet/subnets/tfdemo-ce-transit-privatelink",
            "tags": {},
            "timeouts": null
          },
          "sensitive_attributes": [],
          "private": "eyJlMmJmYjczMC1lY2FhLTExZTYtOGY4OC0zNDM2M2JjN2M0YzAiOnsiY3JlYXRlIjozNjAwMDAwMDAwMDAwLCJkZWxldGUiOjM2MDAwMDAwMDAwMDAsInJlYWQiOjMwMDAwMDAwMDAwMCwidXBkYXRlIjozNjAwMDAwMDAwMDAwfX0=",
          "dependencies": [
            "module.adb-with-private-link-standard.azurerm_databricks_workspace.transit_workspace",
            "module.adb-with-private-link-standard.azurerm_network_security_group.transit_sg",
            "module.adb-with-private-link-standard.azurerm_private_dns_zone.dns_auth_front",
            "module.adb-with-private-link-standard.azurerm_resource_group.transit_rg",
            "module.adb-with-private-link-standard.azurerm_subnet.transit_plsubnet",
            "module.adb-with-private-link-standard.azurerm_subnet.transit_private",
            "module.adb-with-private-link-standard.azurerm_subnet.transit_public",
            "module.adb-with-private-link-standard.azurerm_subnet_network_security_group_association.transit_private",
            "module.adb-with-private-link-standard.azurerm_subnet_network_security_group_association.transit_public",
            "module.adb-with-private-link-standard.azurerm_virtual_network.transit_vnet",
            "module.adb-with-private-link-standard.data.external.me",
            "module.adb-with-private-link-standard.random_string.naming"
          ]
        }
      ]
    },
    {
      "module": "module.adb-with-private-link-standard",
      "mode": "managed",
      "type": "azurerm_public_ip",
      "name": "testvmpublicip",
      "provider": "provider[\"registry.terraform.io/hashicorp/azurerm\"]",
      "instances": [
        {
          "schema_version": 0,
          "attributes": {
            "allocation_method": "Static",
            "ddos_protection_mode": "VirtualNetworkInherited",
            "ddos_protection_plan_id": null,
            "domain_name_label": null,
            "domain_name_label_scope": null,
            "edge_zone": "",
            "fqdn": null,
            "id": "/subscriptions/cd3b621d-1635-4710-aa89-8b5b654b5d29/resourceGroups/adb-transit-tfdemo-ce-rg/providers/Microsoft.Network/publicIPAddresses/tfdemo-ce-vmpublicip",
            "idle_timeout_in_minutes": 4,
            "ip_address": "13.81.109.23",
            "ip_tags": {},
            "ip_version": "IPv4",
            "location": "westeurope",
            "name": "tfdemo-ce-vmpublicip",
            "public_ip_prefix_id": null,
            "resource_group_name": "adb-transit-tfdemo-ce-rg",
            "reverse_fqdn": null,
            "sku": "Standard",
            "sku_tier": "Regional",
            "tags": {},
            "timeouts": null,
            "zones": []
          },
          "sensitive_attributes": [],
          "private": "eyJlMmJmYjczMC1lY2FhLTExZTYtOGY4OC0zNDM2M2JjN2M0YzAiOnsiY3JlYXRlIjoxODAwMDAwMDAwMDAwLCJkZWxldGUiOjE4MDAwMDAwMDAwMDAsInJlYWQiOjMwMDAwMDAwMDAwMCwidXBkYXRlIjoxODAwMDAwMDAwMDAwfX0=",
          "dependencies": [
            "module.adb-with-private-link-standard.azurerm_resource_group.transit_rg",
            "module.adb-with-private-link-standard.data.external.me",
            "module.adb-with-private-link-standard.random_string.naming"
          ]
        }
      ]
    },
    {
      "module": "module.adb-with-private-link-standard",
      "mode": "managed",
      "type": "azurerm_resource_group",
      "name": "cust1_dp_rg",
      "provider": "provider[\"registry.terraform.io/hashicorp/azurerm\"]",
      "instances": [
        {
          "schema_version": 0,
          "attributes": {
            "id": "/subscriptions/cd3b621d-1635-4710-aa89-8b5b654b5d29/resourceGroups/cust1-adb-dp-tfdemo-ce-rg",
            "location": "westeurope",
            "managed_by": "",
            "name": "cust1-adb-dp-tfdemo-ce-rg",
            "tags": {
              "Environment": "Testing",
              "Epoch": "1qmke8",
              "Owner": "sagar.shinde@cloudethix.com"
            },
            "timeouts": null
          },
          "sensitive_attributes": [],
          "private": "eyJlMmJmYjczMC1lY2FhLTExZTYtOGY4OC0zNDM2M2JjN2M0YzAiOnsiY3JlYXRlIjo1NDAwMDAwMDAwMDAwLCJkZWxldGUiOjU0MDAwMDAwMDAwMDAsInJlYWQiOjMwMDAwMDAwMDAwMCwidXBkYXRlIjo1NDAwMDAwMDAwMDAwfX0=",
          "dependencies": [
            "module.adb-with-private-link-standard.data.external.me",
            "module.adb-with-private-link-standard.random_string.naming"
          ]
        }
      ]
    },
    {
      "module": "module.adb-with-private-link-standard",
      "mode": "managed",
      "type": "azurerm_resource_group",
      "name": "dp_rg",
      "provider": "provider[\"registry.terraform.io/hashicorp/azurerm\"]",
      "instances": [
        {
          "schema_version": 0,
          "attributes": {
            "id": "/subscriptions/cd3b621d-1635-4710-aa89-8b5b654b5d29/resourceGroups/adb-dp-tfdemo-ce-rg",
            "location": "westeurope",
            "managed_by": "",
            "name": "adb-dp-tfdemo-ce-rg",
            "tags": {
              "Environment": "Testing",
              "Epoch": "1qmke8",
              "Owner": "sagar.shinde@cloudethix.com"
            },
            "timeouts": null
          },
          "sensitive_attributes": [],
          "private": "eyJlMmJmYjczMC1lY2FhLTExZTYtOGY4OC0zNDM2M2JjN2M0YzAiOnsiY3JlYXRlIjo1NDAwMDAwMDAwMDAwLCJkZWxldGUiOjU0MDAwMDAwMDAwMDAsInJlYWQiOjMwMDAwMDAwMDAwMCwidXBkYXRlIjo1NDAwMDAwMDAwMDAwfX0=",
          "dependencies": [
            "module.adb-with-private-link-standard.data.external.me",
            "module.adb-with-private-link-standard.random_string.naming"
          ]
        }
      ]
    },
    {
      "module": "module.adb-with-private-link-standard",
      "mode": "managed",
      "type": "azurerm_resource_group",
      "name": "transit_rg",
      "provider": "provider[\"registry.terraform.io/hashicorp/azurerm\"]",
      "instances": [
        {
          "schema_version": 0,
          "attributes": {
            "id": "/subscriptions/cd3b621d-1635-4710-aa89-8b5b654b5d29/resourceGroups/adb-transit-tfdemo-ce-rg",
            "location": "westeurope",
            "managed_by": "",
            "name": "adb-transit-tfdemo-ce-rg",
            "tags": {
              "Environment": "Testing",
              "Epoch": "1qmke8",
              "Owner": "sagar.shinde@cloudethix.com"
            },
            "timeouts": null
          },
          "sensitive_attributes": [],
          "private": "eyJlMmJmYjczMC1lY2FhLTExZTYtOGY4OC0zNDM2M2JjN2M0YzAiOnsiY3JlYXRlIjo1NDAwMDAwMDAwMDAwLCJkZWxldGUiOjU0MDAwMDAwMDAwMDAsInJlYWQiOjMwMDAwMDAwMDAwMCwidXBkYXRlIjo1NDAwMDAwMDAwMDAwfX0=",
          "dependencies": [
            "module.adb-with-private-link-standard.data.external.me",
            "module.adb-with-private-link-standard.random_string.naming"
          ]
        }
      ]
    },
    {
      "module": "module.adb-with-private-link-standard",
      "mode": "managed",
      "type": "azurerm_subnet",
      "name": "cust1_dp_private",
      "provider": "provider[\"registry.terraform.io/hashicorp/azurerm\"]",
      "instances": [
        {
          "schema_version": 0,
          "attributes": {
            "address_prefixes": [
              "10.179.1.128/26"
            ],
            "default_outbound_access_enabled": true,
            "delegation": [
              {
                "name": "databricks",
                "service_delegation": [
                  {
                    "actions": [
                      "Microsoft.Network/virtualNetworks/subnets/join/action",
                      "Microsoft.Network/virtualNetworks/subnets/prepareNetworkPolicies/action",
                      "Microsoft.Network/virtualNetworks/subnets/unprepareNetworkPolicies/action"
                    ],
                    "name": "Microsoft.Databricks/workspaces"
                  }
                ]
              }
            ],
            "id": "/subscriptions/cd3b621d-1635-4710-aa89-8b5b654b5d29/resourceGroups/adb-dp-tfdemo-ce-rg/providers/Microsoft.Network/virtualNetworks/tfdemo-ce-dp-vnet/subnets/cust1-tfdemo-ce-dp-private",
            "name": "cust1-tfdemo-ce-dp-private",
            "private_endpoint_network_policies": "Enabled",
            "private_link_service_network_policies_enabled": true,
            "resource_group_name": "adb-dp-tfdemo-ce-rg",
            "service_endpoint_policy_ids": [],
            "service_endpoints": [],
            "timeouts": null,
            "virtual_network_name": "tfdemo-ce-dp-vnet"
          },
          "sensitive_attributes": [],
          "private": "eyJlMmJmYjczMC1lY2FhLTExZTYtOGY4OC0zNDM2M2JjN2M0YzAiOnsiY3JlYXRlIjoxODAwMDAwMDAwMDAwLCJkZWxldGUiOjE4MDAwMDAwMDAwMDAsInJlYWQiOjMwMDAwMDAwMDAwMCwidXBkYXRlIjoxODAwMDAwMDAwMDAwfX0=",
          "dependencies": [
            "module.adb-with-private-link-standard.azurerm_resource_group.dp_rg",
            "module.adb-with-private-link-standard.azurerm_virtual_network.dp_vnet",
            "module.adb-with-private-link-standard.data.external.me",
            "module.adb-with-private-link-standard.random_string.naming"
          ]
        }
      ]
    },
    {
      "module": "module.adb-with-private-link-standard",
      "mode": "managed",
      "type": "azurerm_subnet",
      "name": "cust1_dp_public",
      "provider": "provider[\"registry.terraform.io/hashicorp/azurerm\"]",
      "instances": [
        {
          "schema_version": 0,
          "attributes": {
            "address_prefixes": [
              "10.179.1.64/26"
            ],
            "default_outbound_access_enabled": true,
            "delegation": [
              {
                "name": "databricks",
                "service_delegation": [
                  {
                    "actions": [
                      "Microsoft.Network/virtualNetworks/subnets/join/action",
                      "Microsoft.Network/virtualNetworks/subnets/prepareNetworkPolicies/action",
                      "Microsoft.Network/virtualNetworks/subnets/unprepareNetworkPolicies/action"
                    ],
                    "name": "Microsoft.Databricks/workspaces"
                  }
                ]
              }
            ],
            "id": "/subscriptions/cd3b621d-1635-4710-aa89-8b5b654b5d29/resourceGroups/adb-dp-tfdemo-ce-rg/providers/Microsoft.Network/virtualNetworks/tfdemo-ce-dp-vnet/subnets/cust1-tfdemo-ce-dp-public",
            "name": "cust1-tfdemo-ce-dp-public",
            "private_endpoint_network_policies": "Disabled",
            "private_link_service_network_policies_enabled": true,
            "resource_group_name": "adb-dp-tfdemo-ce-rg",
            "service_endpoint_policy_ids": [],
            "service_endpoints": [],
            "timeouts": null,
            "virtual_network_name": "tfdemo-ce-dp-vnet"
          },
          "sensitive_attributes": [],
          "private": "eyJlMmJmYjczMC1lY2FhLTExZTYtOGY4OC0zNDM2M2JjN2M0YzAiOnsiY3JlYXRlIjoxODAwMDAwMDAwMDAwLCJkZWxldGUiOjE4MDAwMDAwMDAwMDAsInJlYWQiOjMwMDAwMDAwMDAwMCwidXBkYXRlIjoxODAwMDAwMDAwMDAwfX0=",
          "dependencies": [
            "module.adb-with-private-link-standard.azurerm_resource_group.dp_rg",
            "module.adb-with-private-link-standard.azurerm_virtual_network.dp_vnet",
            "module.adb-with-private-link-standard.data.external.me",
            "module.adb-with-private-link-standard.random_string.naming"
          ]
        }
      ]
    },
    {
      "module": "module.adb-with-private-link-standard",
      "mode": "managed",
      "type": "azurerm_subnet",
      "name": "dp_plsubnet",
      "provider": "provider[\"registry.terraform.io/hashicorp/azurerm\"]",
      "instances": [
        {
          "schema_version": 0,
          "attributes": {
            "address_prefixes": [
              "10.179.0.128/26"
            ],
            "default_outbound_access_enabled": true,
            "delegation": [],
            "id": "/subscriptions/cd3b621d-1635-4710-aa89-8b5b654b5d29/resourceGroups/adb-dp-tfdemo-ce-rg/providers/Microsoft.Network/virtualNetworks/tfdemo-ce-dp-vnet/subnets/tfdemo-ce-dp-privatelink",
            "name": "tfdemo-ce-dp-privatelink",
            "private_endpoint_network_policies": "Enabled",
            "private_link_service_network_policies_enabled": true,
            "resource_group_name": "adb-dp-tfdemo-ce-rg",
            "service_endpoint_policy_ids": [],
            "service_endpoints": [],
            "timeouts": null,
            "virtual_network_name": "tfdemo-ce-dp-vnet"
          },
          "sensitive_attributes": [],
          "private": "eyJlMmJmYjczMC1lY2FhLTExZTYtOGY4OC0zNDM2M2JjN2M0YzAiOnsiY3JlYXRlIjoxODAwMDAwMDAwMDAwLCJkZWxldGUiOjE4MDAwMDAwMDAwMDAsInJlYWQiOjMwMDAwMDAwMDAwMCwidXBkYXRlIjoxODAwMDAwMDAwMDAwfX0=",
          "dependencies": [
            "module.adb-with-private-link-standard.azurerm_resource_group.dp_rg",
            "module.adb-with-private-link-standard.azurerm_virtual_network.dp_vnet",
            "module.adb-with-private-link-standard.data.external.me",
            "module.adb-with-private-link-standard.random_string.naming"
          ]
        }
      ]
    },
    {
      "module": "module.adb-with-private-link-standard",
      "mode": "managed",
      "type": "azurerm_subnet",
      "name": "dp_private",
      "provider": "provider[\"registry.terraform.io/hashicorp/azurerm\"]",
      "instances": [
        {
          "schema_version": 0,
          "attributes": {
            "address_prefixes": [
              "10.179.0.64/26"
            ],
            "default_outbound_access_enabled": true,
            "delegation": [
              {
                "name": "databricks",
                "service_delegation": [
                  {
                    "actions": [
                      "Microsoft.Network/virtualNetworks/subnets/join/action",
                      "Microsoft.Network/virtualNetworks/subnets/prepareNetworkPolicies/action",
                      "Microsoft.Network/virtualNetworks/subnets/unprepareNetworkPolicies/action"
                    ],
                    "name": "Microsoft.Databricks/workspaces"
                  }
                ]
              }
            ],
            "id": "/subscriptions/cd3b621d-1635-4710-aa89-8b5b654b5d29/resourceGroups/adb-dp-tfdemo-ce-rg/providers/Microsoft.Network/virtualNetworks/tfdemo-ce-dp-vnet/subnets/tfdemo-ce-dp-private",
            "name": "tfdemo-ce-dp-private",
            "private_endpoint_network_policies": "Enabled",
            "private_link_service_network_policies_enabled": true,
            "resource_group_name": "adb-dp-tfdemo-ce-rg",
            "service_endpoint_policy_ids": [],
            "service_endpoints": [],
            "timeouts": null,
            "virtual_network_name": "tfdemo-ce-dp-vnet"
          },
          "sensitive_attributes": [],
          "private": "eyJlMmJmYjczMC1lY2FhLTExZTYtOGY4OC0zNDM2M2JjN2M0YzAiOnsiY3JlYXRlIjoxODAwMDAwMDAwMDAwLCJkZWxldGUiOjE4MDAwMDAwMDAwMDAsInJlYWQiOjMwMDAwMDAwMDAwMCwidXBkYXRlIjoxODAwMDAwMDAwMDAwfX0=",
          "dependencies": [
            "module.adb-with-private-link-standard.azurerm_resource_group.dp_rg",
            "module.adb-with-private-link-standard.azurerm_virtual_network.dp_vnet",
            "module.adb-with-private-link-standard.data.external.me",
            "module.adb-with-private-link-standard.random_string.naming"
          ]
        }
      ]
    },
    {
      "module": "module.adb-with-private-link-standard",
      "mode": "managed",
      "type": "azurerm_subnet",
      "name": "dp_public",
      "provider": "provider[\"registry.terraform.io/hashicorp/azurerm\"]",
      "instances": [
        {
          "schema_version": 0,
          "attributes": {
            "address_prefixes": [
              "10.179.0.0/26"
            ],
            "default_outbound_access_enabled": true,
            "delegation": [
              {
                "name": "databricks",
                "service_delegation": [
                  {
                    "actions": [
                      "Microsoft.Network/virtualNetworks/subnets/join/action",
                      "Microsoft.Network/virtualNetworks/subnets/prepareNetworkPolicies/action",
                      "Microsoft.Network/virtualNetworks/subnets/unprepareNetworkPolicies/action"
                    ],
                    "name": "Microsoft.Databricks/workspaces"
                  }
                ]
              }
            ],
            "id": "/subscriptions/cd3b621d-1635-4710-aa89-8b5b654b5d29/resourceGroups/adb-dp-tfdemo-ce-rg/providers/Microsoft.Network/virtualNetworks/tfdemo-ce-dp-vnet/subnets/tfdemo-ce-dp-public",
            "name": "tfdemo-ce-dp-public",
            "private_endpoint_network_policies": "Disabled",
            "private_link_service_network_policies_enabled": true,
            "resource_group_name": "adb-dp-tfdemo-ce-rg",
            "service_endpoint_policy_ids": [],
            "service_endpoints": [],
            "timeouts": null,
            "virtual_network_name": "tfdemo-ce-dp-vnet"
          },
          "sensitive_attributes": [],
          "private": "eyJlMmJmYjczMC1lY2FhLTExZTYtOGY4OC0zNDM2M2JjN2M0YzAiOnsiY3JlYXRlIjoxODAwMDAwMDAwMDAwLCJkZWxldGUiOjE4MDAwMDAwMDAwMDAsInJlYWQiOjMwMDAwMDAwMDAwMCwidXBkYXRlIjoxODAwMDAwMDAwMDAwfX0=",
          "dependencies": [
            "module.adb-with-private-link-standard.azurerm_resource_group.dp_rg",
            "module.adb-with-private-link-standard.azurerm_virtual_network.dp_vnet",
            "module.adb-with-private-link-standard.data.external.me",
            "module.adb-with-private-link-standard.random_string.naming"
          ]
        }
      ]
    },
    {
      "module": "module.adb-with-private-link-standard",
      "mode": "managed",
      "type": "azurerm_subnet",
      "name": "testvmsubnet",
      "provider": "provider[\"registry.terraform.io/hashicorp/azurerm\"]",
      "instances": [
        {
          "schema_version": 0,
          "attributes": {
            "address_prefixes": [
              "10.178.6.0/23"
            ],
            "default_outbound_access_enabled": true,
            "delegation": [],
            "id": "/subscriptions/cd3b621d-1635-4710-aa89-8b5b654b5d29/resourceGroups/adb-transit-tfdemo-ce-rg/providers/Microsoft.Network/virtualNetworks/tfdemo-ce-transit-vnet/subnets/tfdemo-ce-testvmsubnet",
            "name": "tfdemo-ce-testvmsubnet",
            "private_endpoint_network_policies": "Disabled",
            "private_link_service_network_policies_enabled": true,
            "resource_group_name": "adb-transit-tfdemo-ce-rg",
            "service_endpoint_policy_ids": [],
            "service_endpoints": [],
            "timeouts": null,
            "virtual_network_name": "tfdemo-ce-transit-vnet"
          },
          "sensitive_attributes": [],
          "private": "eyJlMmJmYjczMC1lY2FhLTExZTYtOGY4OC0zNDM2M2JjN2M0YzAiOnsiY3JlYXRlIjoxODAwMDAwMDAwMDAwLCJkZWxldGUiOjE4MDAwMDAwMDAwMDAsInJlYWQiOjMwMDAwMDAwMDAwMCwidXBkYXRlIjoxODAwMDAwMDAwMDAwfX0=",
          "dependencies": [
            "module.adb-with-private-link-standard.azurerm_resource_group.transit_rg",
            "module.adb-with-private-link-standard.azurerm_virtual_network.transit_vnet",
            "module.adb-with-private-link-standard.data.external.me",
            "module.adb-with-private-link-standard.random_string.naming"
          ]
        }
      ]
    },
    {
      "module": "module.adb-with-private-link-standard",
      "mode": "managed",
      "type": "azurerm_subnet",
      "name": "transit_plsubnet",
      "provider": "provider[\"registry.terraform.io/hashicorp/azurerm\"]",
      "instances": [
        {
          "schema_version": 0,
          "attributes": {
            "address_prefixes": [
              "10.178.0.128/26"
            ],
            "default_outbound_access_enabled": true,
            "delegation": [],
            "id": "/subscriptions/cd3b621d-1635-4710-aa89-8b5b654b5d29/resourceGroups/adb-transit-tfdemo-ce-rg/providers/Microsoft.Network/virtualNetworks/tfdemo-ce-transit-vnet/subnets/tfdemo-ce-transit-privatelink",
            "name": "tfdemo-ce-transit-privatelink",
            "private_endpoint_network_policies": "Enabled",
            "private_link_service_network_policies_enabled": true,
            "resource_group_name": "adb-transit-tfdemo-ce-rg",
            "service_endpoint_policy_ids": [],
            "service_endpoints": [],
            "timeouts": null,
            "virtual_network_name": "tfdemo-ce-transit-vnet"
          },
          "sensitive_attributes": [],
          "private": "eyJlMmJmYjczMC1lY2FhLTExZTYtOGY4OC0zNDM2M2JjN2M0YzAiOnsiY3JlYXRlIjoxODAwMDAwMDAwMDAwLCJkZWxldGUiOjE4MDAwMDAwMDAwMDAsInJlYWQiOjMwMDAwMDAwMDAwMCwidXBkYXRlIjoxODAwMDAwMDAwMDAwfX0=",
          "dependencies": [
            "module.adb-with-private-link-standard.azurerm_resource_group.transit_rg",
            "module.adb-with-private-link-standard.azurerm_virtual_network.transit_vnet",
            "module.adb-with-private-link-standard.data.external.me",
            "module.adb-with-private-link-standard.random_string.naming"
          ]
        }
      ]
    },
    {
      "module": "module.adb-with-private-link-standard",
      "mode": "managed",
      "type": "azurerm_subnet",
      "name": "transit_private",
      "provider": "provider[\"registry.terraform.io/hashicorp/azurerm\"]",
      "instances": [
        {
          "schema_version": 0,
          "attributes": {
            "address_prefixes": [
              "10.178.0.64/26"
            ],
            "default_outbound_access_enabled": true,
            "delegation": [
              {
                "name": "databricks",
                "service_delegation": [
                  {
                    "actions": [
                      "Microsoft.Network/virtualNetworks/subnets/join/action",
                      "Microsoft.Network/virtualNetworks/subnets/prepareNetworkPolicies/action",
                      "Microsoft.Network/virtualNetworks/subnets/unprepareNetworkPolicies/action"
                    ],
                    "name": "Microsoft.Databricks/workspaces"
                  }
                ]
              }
            ],
            "id": "/subscriptions/cd3b621d-1635-4710-aa89-8b5b654b5d29/resourceGroups/adb-transit-tfdemo-ce-rg/providers/Microsoft.Network/virtualNetworks/tfdemo-ce-transit-vnet/subnets/tfdemo-ce-transit-private",
            "name": "tfdemo-ce-transit-private",
            "private_endpoint_network_policies": "Enabled",
            "private_link_service_network_policies_enabled": true,
            "resource_group_name": "adb-transit-tfdemo-ce-rg",
            "service_endpoint_policy_ids": [],
            "service_endpoints": [],
            "timeouts": null,
            "virtual_network_name": "tfdemo-ce-transit-vnet"
          },
          "sensitive_attributes": [],
          "private": "eyJlMmJmYjczMC1lY2FhLTExZTYtOGY4OC0zNDM2M2JjN2M0YzAiOnsiY3JlYXRlIjoxODAwMDAwMDAwMDAwLCJkZWxldGUiOjE4MDAwMDAwMDAwMDAsInJlYWQiOjMwMDAwMDAwMDAwMCwidXBkYXRlIjoxODAwMDAwMDAwMDAwfX0=",
          "dependencies": [
            "module.adb-with-private-link-standard.azurerm_resource_group.transit_rg",
            "module.adb-with-private-link-standard.azurerm_virtual_network.transit_vnet",
            "module.adb-with-private-link-standard.data.external.me",
            "module.adb-with-private-link-standard.random_string.naming"
          ]
        }
      ]
    },
    {
      "module": "module.adb-with-private-link-standard",
      "mode": "managed",
      "type": "azurerm_subnet",
      "name": "transit_public",
      "provider": "provider[\"registry.terraform.io/hashicorp/azurerm\"]",
      "instances": [
        {
          "schema_version": 0,
          "attributes": {
            "address_prefixes": [
              "10.178.0.0/26"
            ],
            "default_outbound_access_enabled": true,
            "delegation": [
              {
                "name": "databricks",
                "service_delegation": [
                  {
                    "actions": [
                      "Microsoft.Network/virtualNetworks/subnets/join/action",
                      "Microsoft.Network/virtualNetworks/subnets/prepareNetworkPolicies/action",
                      "Microsoft.Network/virtualNetworks/subnets/unprepareNetworkPolicies/action"
                    ],
                    "name": "Microsoft.Databricks/workspaces"
                  }
                ]
              }
            ],
            "id": "/subscriptions/cd3b621d-1635-4710-aa89-8b5b654b5d29/resourceGroups/adb-transit-tfdemo-ce-rg/providers/Microsoft.Network/virtualNetworks/tfdemo-ce-transit-vnet/subnets/tfdemo-ce-transit-public",
            "name": "tfdemo-ce-transit-public",
            "private_endpoint_network_policies": "Disabled",
            "private_link_service_network_policies_enabled": true,
            "resource_group_name": "adb-transit-tfdemo-ce-rg",
            "service_endpoint_policy_ids": [],
            "service_endpoints": [],
            "timeouts": null,
            "virtual_network_name": "tfdemo-ce-transit-vnet"
          },
          "sensitive_attributes": [],
          "private": "eyJlMmJmYjczMC1lY2FhLTExZTYtOGY4OC0zNDM2M2JjN2M0YzAiOnsiY3JlYXRlIjoxODAwMDAwMDAwMDAwLCJkZWxldGUiOjE4MDAwMDAwMDAwMDAsInJlYWQiOjMwMDAwMDAwMDAwMCwidXBkYXRlIjoxODAwMDAwMDAwMDAwfX0=",
          "dependencies": [
            "module.adb-with-private-link-standard.azurerm_resource_group.transit_rg",
            "module.adb-with-private-link-standard.azurerm_virtual_network.transit_vnet",
            "module.adb-with-private-link-standard.data.external.me",
            "module.adb-with-private-link-standard.random_string.naming"
          ]
        }
      ]
    },
    {
      "module": "module.adb-with-private-link-standard",
      "mode": "managed",
      "type": "azurerm_subnet_network_security_group_association",
      "name": "cust1_dp_private",
      "provider": "provider[\"registry.terraform.io/hashicorp/azurerm\"]",
      "instances": [
        {
          "schema_version": 0,
          "attributes": {
            "id": "/subscriptions/cd3b621d-1635-4710-aa89-8b5b654b5d29/resourceGroups/adb-dp-tfdemo-ce-rg/providers/Microsoft.Network/virtualNetworks/tfdemo-ce-dp-vnet/subnets/cust1-tfdemo-ce-dp-private",
            "network_security_group_id": "/subscriptions/cd3b621d-1635-4710-aa89-8b5b654b5d29/resourceGroups/adb-dp-tfdemo-ce-rg/providers/Microsoft.Network/networkSecurityGroups/tfdemo-ce-dp-nsg",
            "subnet_id": "/subscriptions/cd3b621d-1635-4710-aa89-8b5b654b5d29/resourceGroups/adb-dp-tfdemo-ce-rg/providers/Microsoft.Network/virtualNetworks/tfdemo-ce-dp-vnet/subnets/cust1-tfdemo-ce-dp-private",
            "timeouts": null
          },
          "sensitive_attributes": [],
          "private": "eyJlMmJmYjczMC1lY2FhLTExZTYtOGY4OC0zNDM2M2JjN2M0YzAiOnsiY3JlYXRlIjoxODAwMDAwMDAwMDAwLCJkZWxldGUiOjE4MDAwMDAwMDAwMDAsInJlYWQiOjMwMDAwMDAwMDAwMH19",
          "dependencies": [
            "module.adb-with-private-link-standard.azurerm_network_security_group.dp_sg",
            "module.adb-with-private-link-standard.azurerm_resource_group.dp_rg",
            "module.adb-with-private-link-standard.azurerm_subnet.cust1_dp_private",
            "module.adb-with-private-link-standard.azurerm_virtual_network.dp_vnet",
            "module.adb-with-private-link-standard.data.external.me",
            "module.adb-with-private-link-standard.random_string.naming"
          ]
        }
      ]
    },
    {
      "module": "module.adb-with-private-link-standard",
      "mode": "managed",
      "type": "azurerm_subnet_network_security_group_association",
      "name": "cust1_dp_public",
      "provider": "provider[\"registry.terraform.io/hashicorp/azurerm\"]",
      "instances": [
        {
          "schema_version": 0,
          "attributes": {
            "id": "/subscriptions/cd3b621d-1635-4710-aa89-8b5b654b5d29/resourceGroups/adb-dp-tfdemo-ce-rg/providers/Microsoft.Network/virtualNetworks/tfdemo-ce-dp-vnet/subnets/cust1-tfdemo-ce-dp-public",
            "network_security_group_id": "/subscriptions/cd3b621d-1635-4710-aa89-8b5b654b5d29/resourceGroups/adb-dp-tfdemo-ce-rg/providers/Microsoft.Network/networkSecurityGroups/tfdemo-ce-dp-nsg",
            "subnet_id": "/subscriptions/cd3b621d-1635-4710-aa89-8b5b654b5d29/resourceGroups/adb-dp-tfdemo-ce-rg/providers/Microsoft.Network/virtualNetworks/tfdemo-ce-dp-vnet/subnets/cust1-tfdemo-ce-dp-public",
            "timeouts": null
          },
          "sensitive_attributes": [],
          "private": "eyJlMmJmYjczMC1lY2FhLTExZTYtOGY4OC0zNDM2M2JjN2M0YzAiOnsiY3JlYXRlIjoxODAwMDAwMDAwMDAwLCJkZWxldGUiOjE4MDAwMDAwMDAwMDAsInJlYWQiOjMwMDAwMDAwMDAwMH19",
          "dependencies": [
            "module.adb-with-private-link-standard.azurerm_network_security_group.dp_sg",
            "module.adb-with-private-link-standard.azurerm_resource_group.dp_rg",
            "module.adb-with-private-link-standard.azurerm_subnet.cust1_dp_public",
            "module.adb-with-private-link-standard.azurerm_virtual_network.dp_vnet",
            "module.adb-with-private-link-standard.data.external.me",
            "module.adb-with-private-link-standard.random_string.naming"
          ]
        }
      ]
    },
    {
      "module": "module.adb-with-private-link-standard",
      "mode": "managed",
      "type": "azurerm_subnet_network_security_group_association",
      "name": "dp_private",
      "provider": "provider[\"registry.terraform.io/hashicorp/azurerm\"]",
      "instances": [
        {
          "schema_version": 0,
          "attributes": {
            "id": "/subscriptions/cd3b621d-1635-4710-aa89-8b5b654b5d29/resourceGroups/adb-dp-tfdemo-ce-rg/providers/Microsoft.Network/virtualNetworks/tfdemo-ce-dp-vnet/subnets/tfdemo-ce-dp-private",
            "network_security_group_id": "/subscriptions/cd3b621d-1635-4710-aa89-8b5b654b5d29/resourceGroups/adb-dp-tfdemo-ce-rg/providers/Microsoft.Network/networkSecurityGroups/tfdemo-ce-dp-nsg",
            "subnet_id": "/subscriptions/cd3b621d-1635-4710-aa89-8b5b654b5d29/resourceGroups/adb-dp-tfdemo-ce-rg/providers/Microsoft.Network/virtualNetworks/tfdemo-ce-dp-vnet/subnets/tfdemo-ce-dp-private",
            "timeouts": null
          },
          "sensitive_attributes": [],
          "private": "eyJlMmJmYjczMC1lY2FhLTExZTYtOGY4OC0zNDM2M2JjN2M0YzAiOnsiY3JlYXRlIjoxODAwMDAwMDAwMDAwLCJkZWxldGUiOjE4MDAwMDAwMDAwMDAsInJlYWQiOjMwMDAwMDAwMDAwMH19",
          "dependencies": [
            "module.adb-with-private-link-standard.azurerm_network_security_group.dp_sg",
            "module.adb-with-private-link-standard.azurerm_resource_group.dp_rg",
            "module.adb-with-private-link-standard.azurerm_subnet.dp_private",
            "module.adb-with-private-link-standard.azurerm_virtual_network.dp_vnet",
            "module.adb-with-private-link-standard.data.external.me",
            "module.adb-with-private-link-standard.random_string.naming"
          ]
        }
      ]
    },
    {
      "module": "module.adb-with-private-link-standard",
      "mode": "managed",
      "type": "azurerm_subnet_network_security_group_association",
      "name": "dp_public",
      "provider": "provider[\"registry.terraform.io/hashicorp/azurerm\"]",
      "instances": [
        {
          "schema_version": 0,
          "attributes": {
            "id": "/subscriptions/cd3b621d-1635-4710-aa89-8b5b654b5d29/resourceGroups/adb-dp-tfdemo-ce-rg/providers/Microsoft.Network/virtualNetworks/tfdemo-ce-dp-vnet/subnets/tfdemo-ce-dp-public",
            "network_security_group_id": "/subscriptions/cd3b621d-1635-4710-aa89-8b5b654b5d29/resourceGroups/adb-dp-tfdemo-ce-rg/providers/Microsoft.Network/networkSecurityGroups/tfdemo-ce-dp-nsg",
            "subnet_id": "/subscriptions/cd3b621d-1635-4710-aa89-8b5b654b5d29/resourceGroups/adb-dp-tfdemo-ce-rg/providers/Microsoft.Network/virtualNetworks/tfdemo-ce-dp-vnet/subnets/tfdemo-ce-dp-public",
            "timeouts": null
          },
          "sensitive_attributes": [],
          "private": "eyJlMmJmYjczMC1lY2FhLTExZTYtOGY4OC0zNDM2M2JjN2M0YzAiOnsiY3JlYXRlIjoxODAwMDAwMDAwMDAwLCJkZWxldGUiOjE4MDAwMDAwMDAwMDAsInJlYWQiOjMwMDAwMDAwMDAwMH19",
          "dependencies": [
            "module.adb-with-private-link-standard.azurerm_network_security_group.dp_sg",
            "module.adb-with-private-link-standard.azurerm_resource_group.dp_rg",
            "module.adb-with-private-link-standard.azurerm_subnet.dp_public",
            "module.adb-with-private-link-standard.azurerm_virtual_network.dp_vnet",
            "module.adb-with-private-link-standard.data.external.me",
            "module.adb-with-private-link-standard.random_string.naming"
          ]
        }
      ]
    },
    {
      "module": "module.adb-with-private-link-standard",
      "mode": "managed",
      "type": "azurerm_subnet_network_security_group_association",
      "name": "transit_private",
      "provider": "provider[\"registry.terraform.io/hashicorp/azurerm\"]",
      "instances": [
        {
          "schema_version": 0,
          "attributes": {
            "id": "/subscriptions/cd3b621d-1635-4710-aa89-8b5b654b5d29/resourceGroups/adb-transit-tfdemo-ce-rg/providers/Microsoft.Network/virtualNetworks/tfdemo-ce-transit-vnet/subnets/tfdemo-ce-transit-private",
            "network_security_group_id": "/subscriptions/cd3b621d-1635-4710-aa89-8b5b654b5d29/resourceGroups/adb-transit-tfdemo-ce-rg/providers/Microsoft.Network/networkSecurityGroups/tfdemo-ce-transit-nsg",
            "subnet_id": "/subscriptions/cd3b621d-1635-4710-aa89-8b5b654b5d29/resourceGroups/adb-transit-tfdemo-ce-rg/providers/Microsoft.Network/virtualNetworks/tfdemo-ce-transit-vnet/subnets/tfdemo-ce-transit-private",
            "timeouts": null
          },
          "sensitive_attributes": [],
          "private": "eyJlMmJmYjczMC1lY2FhLTExZTYtOGY4OC0zNDM2M2JjN2M0YzAiOnsiY3JlYXRlIjoxODAwMDAwMDAwMDAwLCJkZWxldGUiOjE4MDAwMDAwMDAwMDAsInJlYWQiOjMwMDAwMDAwMDAwMH19",
          "dependencies": [
            "module.adb-with-private-link-standard.azurerm_network_security_group.transit_sg",
            "module.adb-with-private-link-standard.azurerm_resource_group.transit_rg",
            "module.adb-with-private-link-standard.azurerm_subnet.transit_private",
            "module.adb-with-private-link-standard.azurerm_virtual_network.transit_vnet",
            "module.adb-with-private-link-standard.data.external.me",
            "module.adb-with-private-link-standard.random_string.naming"
          ]
        }
      ]
    },
    {
      "module": "module.adb-with-private-link-standard",
      "mode": "managed",
      "type": "azurerm_subnet_network_security_group_association",
      "name": "transit_public",
      "provider": "provider[\"registry.terraform.io/hashicorp/azurerm\"]",
      "instances": [
        {
          "schema_version": 0,
          "attributes": {
            "id": "/subscriptions/cd3b621d-1635-4710-aa89-8b5b654b5d29/resourceGroups/adb-transit-tfdemo-ce-rg/providers/Microsoft.Network/virtualNetworks/tfdemo-ce-transit-vnet/subnets/tfdemo-ce-transit-public",
            "network_security_group_id": "/subscriptions/cd3b621d-1635-4710-aa89-8b5b654b5d29/resourceGroups/adb-transit-tfdemo-ce-rg/providers/Microsoft.Network/networkSecurityGroups/tfdemo-ce-transit-nsg",
            "subnet_id": "/subscriptions/cd3b621d-1635-4710-aa89-8b5b654b5d29/resourceGroups/adb-transit-tfdemo-ce-rg/providers/Microsoft.Network/virtualNetworks/tfdemo-ce-transit-vnet/subnets/tfdemo-ce-transit-public",
            "timeouts": null
          },
          "sensitive_attributes": [],
          "private": "eyJlMmJmYjczMC1lY2FhLTExZTYtOGY4OC0zNDM2M2JjN2M0YzAiOnsiY3JlYXRlIjoxODAwMDAwMDAwMDAwLCJkZWxldGUiOjE4MDAwMDAwMDAwMDAsInJlYWQiOjMwMDAwMDAwMDAwMH19",
          "dependencies": [
            "module.adb-with-private-link-standard.azurerm_network_security_group.transit_sg",
            "module.adb-with-private-link-standard.azurerm_resource_group.transit_rg",
            "module.adb-with-private-link-standard.azurerm_subnet.transit_public",
            "module.adb-with-private-link-standard.azurerm_virtual_network.transit_vnet",
            "module.adb-with-private-link-standard.data.external.me",
            "module.adb-with-private-link-standard.random_string.naming"
          ]
        }
      ]
    },
    {
      "module": "module.adb-with-private-link-standard",
      "mode": "managed",
      "type": "azurerm_virtual_network",
      "name": "dp_vnet",
      "provider": "provider[\"registry.terraform.io/hashicorp/azurerm\"]",
      "instances": [
        {
          "schema_version": 0,
          "attributes": {
            "address_space": [
              "10.179.0.0/20"
            ],
            "bgp_community": "",
            "ddos_protection_plan": [],
            "dns_servers": [],
            "edge_zone": "",
            "encryption": [],
            "flow_timeout_in_minutes": 0,
            "guid": "59b7c953-2283-411d-961a-b1347794c66d",
            "id": "/subscriptions/cd3b621d-1635-4710-aa89-8b5b654b5d29/resourceGroups/adb-dp-tfdemo-ce-rg/providers/Microsoft.Network/virtualNetworks/tfdemo-ce-dp-vnet",
            "location": "westeurope",
            "name": "tfdemo-ce-dp-vnet",
            "private_endpoint_vnet_policies": "Disabled",
            "resource_group_name": "adb-dp-tfdemo-ce-rg",
            "subnet": [
              {
                "address_prefixes": [
                  "10.179.0.0/26"
                ],
                "default_outbound_access_enabled": true,
                "delegation": [
                  {
                    "name": "databricks",
                    "service_delegation": [
                      {
                        "actions": [
                          "Microsoft.Network/virtualNetworks/subnets/join/action",
                          "Microsoft.Network/virtualNetworks/subnets/prepareNetworkPolicies/action",
                          "Microsoft.Network/virtualNetworks/subnets/unprepareNetworkPolicies/action"
                        ],
                        "name": "Microsoft.Databricks/workspaces"
                      }
                    ]
                  }
                ],
                "id": "/subscriptions/cd3b621d-1635-4710-aa89-8b5b654b5d29/resourceGroups/adb-dp-tfdemo-ce-rg/providers/Microsoft.Network/virtualNetworks/tfdemo-ce-dp-vnet/subnets/tfdemo-ce-dp-public",
                "name": "tfdemo-ce-dp-public",
                "private_endpoint_network_policies": "Disabled",
                "private_link_service_network_policies_enabled": true,
                "route_table_id": "",
                "security_group": "/subscriptions/cd3b621d-1635-4710-aa89-8b5b654b5d29/resourceGroups/adb-dp-tfdemo-ce-rg/providers/Microsoft.Network/networkSecurityGroups/tfdemo-ce-dp-nsg",
                "service_endpoint_policy_ids": [],
                "service_endpoints": []
              },
              {
                "address_prefixes": [
                  "10.179.0.128/26"
                ],
                "default_outbound_access_enabled": true,
                "delegation": [],
                "id": "/subscriptions/cd3b621d-1635-4710-aa89-8b5b654b5d29/resourceGroups/adb-dp-tfdemo-ce-rg/providers/Microsoft.Network/virtualNetworks/tfdemo-ce-dp-vnet/subnets/tfdemo-ce-dp-privatelink",
                "name": "tfdemo-ce-dp-privatelink",
                "private_endpoint_network_policies": "Enabled",
                "private_link_service_network_policies_enabled": true,
                "route_table_id": "",
                "security_group": "",
                "service_endpoint_policy_ids": [],
                "service_endpoints": []
              },
              {
                "address_prefixes": [
                  "10.179.0.64/26"
                ],
                "default_outbound_access_enabled": true,
                "delegation": [
                  {
                    "name": "databricks",
                    "service_delegation": [
                      {
                        "actions": [
                          "Microsoft.Network/virtualNetworks/subnets/join/action",
                          "Microsoft.Network/virtualNetworks/subnets/prepareNetworkPolicies/action",
                          "Microsoft.Network/virtualNetworks/subnets/unprepareNetworkPolicies/action"
                        ],
                        "name": "Microsoft.Databricks/workspaces"
                      }
                    ]
                  }
                ],
                "id": "/subscriptions/cd3b621d-1635-4710-aa89-8b5b654b5d29/resourceGroups/adb-dp-tfdemo-ce-rg/providers/Microsoft.Network/virtualNetworks/tfdemo-ce-dp-vnet/subnets/tfdemo-ce-dp-private",
                "name": "tfdemo-ce-dp-private",
                "private_endpoint_network_policies": "Enabled",
                "private_link_service_network_policies_enabled": true,
                "route_table_id": "",
                "security_group": "/subscriptions/cd3b621d-1635-4710-aa89-8b5b654b5d29/resourceGroups/adb-dp-tfdemo-ce-rg/providers/Microsoft.Network/networkSecurityGroups/tfdemo-ce-dp-nsg",
                "service_endpoint_policy_ids": [],
                "service_endpoints": []
              },
              {
                "address_prefixes": [
                  "10.179.1.128/26"
                ],
                "default_outbound_access_enabled": true,
                "delegation": [
                  {
                    "name": "databricks",
                    "service_delegation": [
                      {
                        "actions": [
                          "Microsoft.Network/virtualNetworks/subnets/join/action",
                          "Microsoft.Network/virtualNetworks/subnets/prepareNetworkPolicies/action",
                          "Microsoft.Network/virtualNetworks/subnets/unprepareNetworkPolicies/action"
                        ],
                        "name": "Microsoft.Databricks/workspaces"
                      }
                    ]
                  }
                ],
                "id": "/subscriptions/cd3b621d-1635-4710-aa89-8b5b654b5d29/resourceGroups/adb-dp-tfdemo-ce-rg/providers/Microsoft.Network/virtualNetworks/tfdemo-ce-dp-vnet/subnets/cust1-tfdemo-ce-dp-private",
                "name": "cust1-tfdemo-ce-dp-private",
                "private_endpoint_network_policies": "Enabled",
                "private_link_service_network_policies_enabled": true,
                "route_table_id": "",
                "security_group": "/subscriptions/cd3b621d-1635-4710-aa89-8b5b654b5d29/resourceGroups/adb-dp-tfdemo-ce-rg/providers/Microsoft.Network/networkSecurityGroups/tfdemo-ce-dp-nsg",
                "service_endpoint_policy_ids": [],
                "service_endpoints": []
              },
              {
                "address_prefixes": [
                  "10.179.1.64/26"
                ],
                "default_outbound_access_enabled": true,
                "delegation": [
                  {
                    "name": "databricks",
                    "service_delegation": [
                      {
                        "actions": [
                          "Microsoft.Network/virtualNetworks/subnets/join/action",
                          "Microsoft.Network/virtualNetworks/subnets/prepareNetworkPolicies/action",
                          "Microsoft.Network/virtualNetworks/subnets/unprepareNetworkPolicies/action"
                        ],
                        "name": "Microsoft.Databricks/workspaces"
                      }
                    ]
                  }
                ],
                "id": "/subscriptions/cd3b621d-1635-4710-aa89-8b5b654b5d29/resourceGroups/adb-dp-tfdemo-ce-rg/providers/Microsoft.Network/virtualNetworks/tfdemo-ce-dp-vnet/subnets/cust1-tfdemo-ce-dp-public",
                "name": "cust1-tfdemo-ce-dp-public",
                "private_endpoint_network_policies": "Disabled",
                "private_link_service_network_policies_enabled": true,
                "route_table_id": "",
                "security_group": "/subscriptions/cd3b621d-1635-4710-aa89-8b5b654b5d29/resourceGroups/adb-dp-tfdemo-ce-rg/providers/Microsoft.Network/networkSecurityGroups/tfdemo-ce-dp-nsg",
                "service_endpoint_policy_ids": [],
                "service_endpoints": []
              }
            ],
            "tags": {
              "Environment": "Testing",
              "Epoch": "1qmke8",
              "Owner": "sagar.shinde@cloudethix.com"
            },
            "timeouts": null
          },
          "sensitive_attributes": [],
          "private": "eyJlMmJmYjczMC1lY2FhLTExZTYtOGY4OC0zNDM2M2JjN2M0YzAiOnsiY3JlYXRlIjoxODAwMDAwMDAwMDAwLCJkZWxldGUiOjE4MDAwMDAwMDAwMDAsInJlYWQiOjMwMDAwMDAwMDAwMCwidXBkYXRlIjoxODAwMDAwMDAwMDAwfX0=",
          "dependencies": [
            "module.adb-with-private-link-standard.azurerm_resource_group.dp_rg",
            "module.adb-with-private-link-standard.data.external.me",
            "module.adb-with-private-link-standard.random_string.naming"
          ]
        }
      ]
    },
    {
      "module": "module.adb-with-private-link-standard",
      "mode": "managed",
      "type": "azurerm_virtual_network",
      "name": "transit_vnet",
      "provider": "provider[\"registry.terraform.io/hashicorp/azurerm\"]",
      "instances": [
        {
          "schema_version": 0,
          "attributes": {
            "address_space": [
              "10.178.0.0/20"
            ],
            "bgp_community": "",
            "ddos_protection_plan": [],
            "dns_servers": [],
            "edge_zone": "",
            "encryption": [],
            "flow_timeout_in_minutes": 0,
            "guid": "6a6659da-98e7-436f-a76f-aa382b156786",
            "id": "/subscriptions/cd3b621d-1635-4710-aa89-8b5b654b5d29/resourceGroups/adb-transit-tfdemo-ce-rg/providers/Microsoft.Network/virtualNetworks/tfdemo-ce-transit-vnet",
            "location": "westeurope",
            "name": "tfdemo-ce-transit-vnet",
            "private_endpoint_vnet_policies": "Disabled",
            "resource_group_name": "adb-transit-tfdemo-ce-rg",
            "subnet": [
              {
                "address_prefixes": [
                  "10.178.0.0/26"
                ],
                "default_outbound_access_enabled": true,
                "delegation": [
                  {
                    "name": "databricks",
                    "service_delegation": [
                      {
                        "actions": [
                          "Microsoft.Network/virtualNetworks/subnets/join/action",
                          "Microsoft.Network/virtualNetworks/subnets/prepareNetworkPolicies/action",
                          "Microsoft.Network/virtualNetworks/subnets/unprepareNetworkPolicies/action"
                        ],
                        "name": "Microsoft.Databricks/workspaces"
                      }
                    ]
                  }
                ],
                "id": "/subscriptions/cd3b621d-1635-4710-aa89-8b5b654b5d29/resourceGroups/adb-transit-tfdemo-ce-rg/providers/Microsoft.Network/virtualNetworks/tfdemo-ce-transit-vnet/subnets/tfdemo-ce-transit-public",
                "name": "tfdemo-ce-transit-public",
                "private_endpoint_network_policies": "Disabled",
                "private_link_service_network_policies_enabled": true,
                "route_table_id": "",
                "security_group": "/subscriptions/cd3b621d-1635-4710-aa89-8b5b654b5d29/resourceGroups/adb-transit-tfdemo-ce-rg/providers/Microsoft.Network/networkSecurityGroups/tfdemo-ce-transit-nsg",
                "service_endpoint_policy_ids": [],
                "service_endpoints": []
              },
              {
                "address_prefixes": [
                  "10.178.0.128/26"
                ],
                "default_outbound_access_enabled": true,
                "delegation": [],
                "id": "/subscriptions/cd3b621d-1635-4710-aa89-8b5b654b5d29/resourceGroups/adb-transit-tfdemo-ce-rg/providers/Microsoft.Network/virtualNetworks/tfdemo-ce-transit-vnet/subnets/tfdemo-ce-transit-privatelink",
                "name": "tfdemo-ce-transit-privatelink",
                "private_endpoint_network_policies": "Enabled",
                "private_link_service_network_policies_enabled": true,
                "route_table_id": "",
                "security_group": "",
                "service_endpoint_policy_ids": [],
                "service_endpoints": []
              },
              {
                "address_prefixes": [
                  "10.178.0.64/26"
                ],
                "default_outbound_access_enabled": true,
                "delegation": [
                  {
                    "name": "databricks",
                    "service_delegation": [
                      {
                        "actions": [
                          "Microsoft.Network/virtualNetworks/subnets/join/action",
                          "Microsoft.Network/virtualNetworks/subnets/prepareNetworkPolicies/action",
                          "Microsoft.Network/virtualNetworks/subnets/unprepareNetworkPolicies/action"
                        ],
                        "name": "Microsoft.Databricks/workspaces"
                      }
                    ]
                  }
                ],
                "id": "/subscriptions/cd3b621d-1635-4710-aa89-8b5b654b5d29/resourceGroups/adb-transit-tfdemo-ce-rg/providers/Microsoft.Network/virtualNetworks/tfdemo-ce-transit-vnet/subnets/tfdemo-ce-transit-private",
                "name": "tfdemo-ce-transit-private",
                "private_endpoint_network_policies": "Enabled",
                "private_link_service_network_policies_enabled": true,
                "route_table_id": "",
                "security_group": "/subscriptions/cd3b621d-1635-4710-aa89-8b5b654b5d29/resourceGroups/adb-transit-tfdemo-ce-rg/providers/Microsoft.Network/networkSecurityGroups/tfdemo-ce-transit-nsg",
                "service_endpoint_policy_ids": [],
                "service_endpoints": []
              },
              {
                "address_prefixes": [
                  "10.178.6.0/23"
                ],
                "default_outbound_access_enabled": true,
                "delegation": [],
                "id": "/subscriptions/cd3b621d-1635-4710-aa89-8b5b654b5d29/resourceGroups/adb-transit-tfdemo-ce-rg/providers/Microsoft.Network/virtualNetworks/tfdemo-ce-transit-vnet/subnets/tfdemo-ce-testvmsubnet",
                "name": "tfdemo-ce-testvmsubnet",
                "private_endpoint_network_policies": "Disabled",
                "private_link_service_network_policies_enabled": true,
                "route_table_id": "",
                "security_group": "",
                "service_endpoint_policy_ids": [],
                "service_endpoints": []
              }
            ],
            "tags": {
              "Environment": "Testing",
              "Epoch": "1qmke8",
              "Owner": "sagar.shinde@cloudethix.com"
            },
            "timeouts": null
          },
          "sensitive_attributes": [],
          "private": "eyJlMmJmYjczMC1lY2FhLTExZTYtOGY4OC0zNDM2M2JjN2M0YzAiOnsiY3JlYXRlIjoxODAwMDAwMDAwMDAwLCJkZWxldGUiOjE4MDAwMDAwMDAwMDAsInJlYWQiOjMwMDAwMDAwMDAwMCwidXBkYXRlIjoxODAwMDAwMDAwMDAwfX0=",
          "dependencies": [
            "module.adb-with-private-link-standard.azurerm_resource_group.transit_rg",
            "module.adb-with-private-link-standard.data.external.me",
            "module.adb-with-private-link-standard.random_string.naming"
          ]
        }
      ]
    },
    {
      "module": "module.adb-with-private-link-standard",
      "mode": "managed",
      "type": "random_string",
      "name": "naming",
      "provider": "provider[\"registry.terraform.io/hashicorp/random\"]",
      "instances": [
        {
          "schema_version": 2,
          "attributes": {
            "id": "1qmke8",
            "keepers": null,
            "length": 6,
            "lower": true,
            "min_lower": 0,
            "min_numeric": 0,
            "min_special": 0,
            "min_upper": 0,
            "number": true,
            "numeric": true,
            "override_special": null,
            "result": "1qmke8",
            "special": false,
            "upper": false
          },
          "sensitive_attributes": []
        }
      ]
    },
    {
      "module": "module.adb-with-private-link-standard",
      "mode": "managed",
      "type": "random_string",
      "name": "password",
      "provider": "provider[\"registry.terraform.io/hashicorp/random\"]",
      "instances": [
        {
          "schema_version": 2,
          "attributes": {
            "id": "CqOb1DS3",
            "keepers": null,
            "length": 8,
            "lower": true,
            "min_lower": 0,
            "min_numeric": 0,
            "min_special": 0,
            "min_upper": 0,
            "number": true,
            "numeric": true,
            "override_special": null,
            "result": "CqOb1DS3",
            "special": false,
            "upper": true
          },
          "sensitive_attributes": []
        }
      ]
    }
  ],
  "check_results": null
}
